// !$*UTF8*$!
{
	archiveVersion = 1;
	classes = {
	};
	objectVersion = 56;
	objects = {

/* Begin PBXBuildFile section */
		3165C2232A76730E00421D05 /* PhotoAddCollectionViewCell.swift in Sources */ = {isa = PBXBuildFile; fileRef = 3165C2222A76730E00421D05 /* PhotoAddCollectionViewCell.swift */; };
		3165C2252A76741100421D05 /* PhotoAddFirstCollectionViewCell.swift in Sources */ = {isa = PBXBuildFile; fileRef = 3165C2242A76741100421D05 /* PhotoAddFirstCollectionViewCell.swift */; };
		3165C2272A769AD000421D05 /* AAAAAA.swift in Sources */ = {isa = PBXBuildFile; fileRef = 3165C2262A769AD000421D05 /* AAAAAA.swift */; };
		3165C2302A7B72BB00421D05 /* CommunityTableViewCell.swift in Sources */ = {isa = PBXBuildFile; fileRef = 3165C22F2A7B72BB00421D05 /* CommunityTableViewCell.swift */; };
		3165C2352A7F645B00421D05 /* CommentViewController.swift in Sources */ = {isa = PBXBuildFile; fileRef = 3165C2342A7F645A00421D05 /* CommentViewController.swift */; };
		3165C2372A7F646600421D05 /* CommentViewModel.swift in Sources */ = {isa = PBXBuildFile; fileRef = 3165C2362A7F646600421D05 /* CommentViewModel.swift */; };
		3165C2392A7F647100421D05 /* CommentModel.swift in Sources */ = {isa = PBXBuildFile; fileRef = 3165C2382A7F647100421D05 /* CommentModel.swift */; };
		3165C2402A7F64DD00421D05 /* CommentTableViewCell.swift in Sources */ = {isa = PBXBuildFile; fileRef = 3165C23F2A7F64DD00421D05 /* CommentTableViewCell.swift */; };
		3165C2432A7F6C8B00421D05 /* WriteChaesoLogViewController.swift in Sources */ = {isa = PBXBuildFile; fileRef = 3165C2422A7F6C8B00421D05 /* WriteChaesoLogViewController.swift */; };
		3165C2452A7F767B00421D05 /* CommentHeaderView.swift in Sources */ = {isa = PBXBuildFile; fileRef = 3165C2442A7F767B00421D05 /* CommentHeaderView.swift */; };
		317CDD7D2A4FF6E700F9320B /* Localizable.strings in Resources */ = {isa = PBXBuildFile; fileRef = 317CDD7F2A4FF6E700F9320B /* Localizable.strings */; };
		317CDD822A50338100F9320B /* LocalizationManager.swift in Sources */ = {isa = PBXBuildFile; fileRef = 317CDD812A50338100F9320B /* LocalizationManager.swift */; };
		317ED7AD2A49467700006F7B /* AppDelegate.swift in Sources */ = {isa = PBXBuildFile; fileRef = 317ED7AC2A49467700006F7B /* AppDelegate.swift */; };
		317ED7AF2A49467700006F7B /* SceneDelegate.swift in Sources */ = {isa = PBXBuildFile; fileRef = 317ED7AE2A49467700006F7B /* SceneDelegate.swift */; };
		317ED7B12A49467700006F7B /* StartViewController.swift in Sources */ = {isa = PBXBuildFile; fileRef = 317ED7B02A49467700006F7B /* StartViewController.swift */; };
		317ED7B62A49467800006F7B /* Assets.xcassets in Resources */ = {isa = PBXBuildFile; fileRef = 317ED7B52A49467800006F7B /* Assets.xcassets */; };
		317ED7B92A49467800006F7B /* LaunchScreen.storyboard in Resources */ = {isa = PBXBuildFile; fileRef = 317ED7B72A49467800006F7B /* LaunchScreen.storyboard */; };
		317ED7C22A4946A700006F7B /* SnapKit in Frameworks */ = {isa = PBXBuildFile; productRef = 317ED7C12A4946A700006F7B /* SnapKit */; };
		317ED7C42A49521000006F7B /* Barriecito-Regular.ttf in Resources */ = {isa = PBXBuildFile; fileRef = 317ED7C32A49521000006F7B /* Barriecito-Regular.ttf */; };
		317ED7C62A4954F700006F7B /* LoginViewController.swift in Sources */ = {isa = PBXBuildFile; fileRef = 317ED7C52A4954F700006F7B /* LoginViewController.swift */; };
		317ED7CC2A49567900006F7B /* RxCocoa in Frameworks */ = {isa = PBXBuildFile; productRef = 317ED7CB2A49567900006F7B /* RxCocoa */; };
		317ED7CE2A49567900006F7B /* RxRelay in Frameworks */ = {isa = PBXBuildFile; productRef = 317ED7CD2A49567900006F7B /* RxRelay */; };
		317ED7D02A49567900006F7B /* RxSwift in Frameworks */ = {isa = PBXBuildFile; productRef = 317ED7CF2A49567900006F7B /* RxSwift */; };
		317ED7D92A498DBE00006F7B /* Extensions.swift in Sources */ = {isa = PBXBuildFile; fileRef = 317ED7D82A498DBE00006F7B /* Extensions.swift */; };
		317ED7E42A49976200006F7B /* Pretendard-Medium.otf in Resources */ = {isa = PBXBuildFile; fileRef = 317ED7E12A49976200006F7B /* Pretendard-Medium.otf */; };
		317ED7E52A49976200006F7B /* Pretendard-Regular.otf in Resources */ = {isa = PBXBuildFile; fileRef = 317ED7E22A49976200006F7B /* Pretendard-Regular.otf */; };
		317ED7E62A49976200006F7B /* Pretendard-SemiBold.otf in Resources */ = {isa = PBXBuildFile; fileRef = 317ED7E32A49976200006F7B /* Pretendard-SemiBold.otf */; };
		317ED7E82A499CFC00006F7B /* SignUpViewController.swift in Sources */ = {isa = PBXBuildFile; fileRef = 317ED7E72A499CFC00006F7B /* SignUpViewController.swift */; };
		317ED7EA2A49CF1200006F7B /* StartViewModel.swift in Sources */ = {isa = PBXBuildFile; fileRef = 317ED7E92A49CF1200006F7B /* StartViewModel.swift */; };
		317ED7EC2A49D67B00006F7B /* SignUpViewModel.swift in Sources */ = {isa = PBXBuildFile; fileRef = 317ED7EB2A49D67B00006F7B /* SignUpViewModel.swift */; };
		317ED7EE2A49D6FB00006F7B /* LoginViewModel.swift in Sources */ = {isa = PBXBuildFile; fileRef = 317ED7ED2A49D6FB00006F7B /* LoginViewModel.swift */; };
		317ED7F02A4D69CF00006F7B /* Validator.swift in Sources */ = {isa = PBXBuildFile; fileRef = 317ED7EF2A4D69CF00006F7B /* Validator.swift */; };
		31C392092A62B06A006C9FFE /* TestViewController.swift in Sources */ = {isa = PBXBuildFile; fileRef = 31C392082A62B06A006C9FFE /* TestViewController.swift */; };
		31C3920C2A62B992006C9FFE /* RxKakaoSDKAuth in Frameworks */ = {isa = PBXBuildFile; productRef = 31C3920B2A62B992006C9FFE /* RxKakaoSDKAuth */; };
		31C3920E2A62B992006C9FFE /* RxKakaoSDKCommon in Frameworks */ = {isa = PBXBuildFile; productRef = 31C3920D2A62B992006C9FFE /* RxKakaoSDKCommon */; };
		31C392102A62B992006C9FFE /* RxKakaoSDKUser in Frameworks */ = {isa = PBXBuildFile; productRef = 31C3920F2A62B992006C9FFE /* RxKakaoSDKUser */; };
		31C392162A641009006C9FFE /* GoogleSignIn in Frameworks */ = {isa = PBXBuildFile; productRef = 31C392152A641009006C9FFE /* GoogleSignIn */; };
		31C392182A641009006C9FFE /* GoogleSignInSwift in Frameworks */ = {isa = PBXBuildFile; productRef = 31C392172A641009006C9FFE /* GoogleSignInSwift */; };
		31C3921E2A658258006C9FFE /* PTCollectionViewController.swift in Sources */ = {isa = PBXBuildFile; fileRef = 31C3921D2A658258006C9FFE /* PTCollectionViewController.swift */; };
		31C392202A658289006C9FFE /* PTCollectionViewModel.swift in Sources */ = {isa = PBXBuildFile; fileRef = 31C3921F2A658289006C9FFE /* PTCollectionViewModel.swift */; };
		31C392222A658C5F006C9FFE /* PTCollectionViewCell.swift in Sources */ = {isa = PBXBuildFile; fileRef = 31C392212A658C5F006C9FFE /* PTCollectionViewCell.swift */; };
		31C392242A6BEEA8006C9FFE /* MyPageTableViewCell.swift in Sources */ = {isa = PBXBuildFile; fileRef = 31C392232A6BEEA8006C9FFE /* MyPageTableViewCell.swift */; };
		31C392272A6C0976006C9FFE /* RxDataSources in Frameworks */ = {isa = PBXBuildFile; productRef = 31C392262A6C0976006C9FFE /* RxDataSources */; };
		31C4B1EE2A54115000BABD62 /* Constants.swift in Sources */ = {isa = PBXBuildFile; fileRef = 31C4B1ED2A54115000BABD62 /* Constants.swift */; };
		31C4B1F12A5551EF00BABD62 /* TabBarViewController.swift in Sources */ = {isa = PBXBuildFile; fileRef = 31C4B1F02A5551EF00BABD62 /* TabBarViewController.swift */; };
		31C4B1F32A55520000BABD62 /* TabBarViewModel.swift in Sources */ = {isa = PBXBuildFile; fileRef = 31C4B1F22A55520000BABD62 /* TabBarViewModel.swift */; };
		31C4B1F52A55520D00BABD62 /* TabBarModel.swift in Sources */ = {isa = PBXBuildFile; fileRef = 31C4B1F42A55520D00BABD62 /* TabBarModel.swift */; };
		31C4B1F92A55526C00BABD62 /* CommunityViewController.swift in Sources */ = {isa = PBXBuildFile; fileRef = 31C4B1F82A55526C00BABD62 /* CommunityViewController.swift */; };
		31C4B1FB2A55527D00BABD62 /* MapViewController.swift in Sources */ = {isa = PBXBuildFile; fileRef = 31C4B1FA2A55527D00BABD62 /* MapViewController.swift */; };
		31C4B1FD2A55529B00BABD62 /* MyPageViewController.swift in Sources */ = {isa = PBXBuildFile; fileRef = 31C4B1FC2A55529B00BABD62 /* MyPageViewController.swift */; };
		31C4B1FF2A55531800BABD62 /* CommunityViewModel.swift in Sources */ = {isa = PBXBuildFile; fileRef = 31C4B1FE2A55531800BABD62 /* CommunityViewModel.swift */; };
		31C4B2012A55532300BABD62 /* CommunityModel.swift in Sources */ = {isa = PBXBuildFile; fileRef = 31C4B2002A55532300BABD62 /* CommunityModel.swift */; };
		31C4B2032A55533500BABD62 /* MapViewModel.swift in Sources */ = {isa = PBXBuildFile; fileRef = 31C4B2022A55533500BABD62 /* MapViewModel.swift */; };
		31C4B2052A55534200BABD62 /* MapModel.swift in Sources */ = {isa = PBXBuildFile; fileRef = 31C4B2042A55534200BABD62 /* MapModel.swift */; };
		31C4B2072A55535800BABD62 /* MyPageViewModel.swift in Sources */ = {isa = PBXBuildFile; fileRef = 31C4B2062A55535800BABD62 /* MyPageViewModel.swift */; };
		31C4B2092A55536200BABD62 /* MyPageModel.swift in Sources */ = {isa = PBXBuildFile; fileRef = 31C4B2082A55536200BABD62 /* MyPageModel.swift */; };
		31C4B2122A56FC7000BABD62 /* TosViewController.swift in Sources */ = {isa = PBXBuildFile; fileRef = 31C4B2112A56FC7000BABD62 /* TosViewController.swift */; };
		31C4B2152A56FCC700BABD62 /* TosViewModel.swift in Sources */ = {isa = PBXBuildFile; fileRef = 31C4B2142A56FCC700BABD62 /* TosViewModel.swift */; };
		31C4B2192A57EB2F00BABD62 /* Pretendard-Bold.otf in Resources */ = {isa = PBXBuildFile; fileRef = 31C4B2182A57EB2F00BABD62 /* Pretendard-Bold.otf */; };
		31C4B21B2A5AA69E00BABD62 /* NicknameViewController.swift in Sources */ = {isa = PBXBuildFile; fileRef = 31C4B21A2A5AA69E00BABD62 /* NicknameViewController.swift */; };
		31C4B21D2A5AA6EB00BABD62 /* NicknameViewModel.swift in Sources */ = {isa = PBXBuildFile; fileRef = 31C4B21C2A5AA6EB00BABD62 /* NicknameViewModel.swift */; };
		31C4B2202A5AC26200BABD62 /* SearchingViewController.swift in Sources */ = {isa = PBXBuildFile; fileRef = 31C4B21F2A5AC26200BABD62 /* SearchingViewController.swift */; };
		31C4B2222A5AC26F00BABD62 /* SearchingViewModel.swift in Sources */ = {isa = PBXBuildFile; fileRef = 31C4B2212A5AC26F00BABD62 /* SearchingViewModel.swift */; };
		31CF47222A5AC6F000A83671 /* Lottie in Frameworks */ = {isa = PBXBuildFile; productRef = 31CF47212A5AC6F000A83671 /* Lottie */; };
		31CF47272A5AF65400A83671 /* VeganViewController.swift in Sources */ = {isa = PBXBuildFile; fileRef = 31CF47262A5AF65400A83671 /* VeganViewController.swift */; };
		31CF47292A5AF66100A83671 /* VeganViewModel.swift in Sources */ = {isa = PBXBuildFile; fileRef = 31CF47282A5AF66100A83671 /* VeganViewModel.swift */; };
		31CF472D2A5BEED300A83671 /* UserInfo.swift in Sources */ = {isa = PBXBuildFile; fileRef = 31CF472C2A5BEED300A83671 /* UserInfo.swift */; };
		31CF47312A61088400A83671 /* IdLoginViewController.swift in Sources */ = {isa = PBXBuildFile; fileRef = 31CF47302A61088400A83671 /* IdLoginViewController.swift */; };
		31F500002A6E34EE00E4BCF3 /* LocalNetwork.swift in Sources */ = {isa = PBXBuildFile; fileRef = 31F5FFFF2A6E34EE00E4BCF3 /* LocalNetwork.swift */; };
		31F500032A6E352F00E4BCF3 /* LocationData.swift in Sources */ = {isa = PBXBuildFile; fileRef = 31F500022A6E352F00E4BCF3 /* LocationData.swift */; };
		31F500052A6E353F00E4BCF3 /* KLDocument.swift in Sources */ = {isa = PBXBuildFile; fileRef = 31F500042A6E353F00E4BCF3 /* KLDocument.swift */; };
		31F500072A6E355100E4BCF3 /* DetailListCellData.swift in Sources */ = {isa = PBXBuildFile; fileRef = 31F500062A6E355100E4BCF3 /* DetailListCellData.swift */; };
		31F500092A6E356400E4BCF3 /* MTMapViewError.swift in Sources */ = {isa = PBXBuildFile; fileRef = 31F500082A6E356400E4BCF3 /* MTMapViewError.swift */; };
		31F5000B2A6E35A700E4BCF3 /* DetailListCell.swift in Sources */ = {isa = PBXBuildFile; fileRef = 31F5000A2A6E35A700E4BCF3 /* DetailListCell.swift */; };
		31F5000D2A6E35E200E4BCF3 /* DetailListBackgroundView.swift in Sources */ = {isa = PBXBuildFile; fileRef = 31F5000C2A6E35E200E4BCF3 /* DetailListBackgroundView.swift */; };
		31F5000F2A6E35F500E4BCF3 /* DetailListBackgroundViewModel.swift in Sources */ = {isa = PBXBuildFile; fileRef = 31F5000E2A6E35F500E4BCF3 /* DetailListBackgroundViewModel.swift */; };
		31F5003C2A6E3B3D00E4BCF3 /* map_pinup_custom@3x.png in Resources */ = {isa = PBXBuildFile; fileRef = 31F500172A6E3B3D00E4BCF3 /* map_pinup_custom@3x.png */; };
		31F5003D2A6E3B3D00E4BCF3 /* map_pin_custom.png in Resources */ = {isa = PBXBuildFile; fileRef = 31F500182A6E3B3D00E4BCF3 /* map_pin_custom.png */; };
		31F5003E2A6E3B3D00E4BCF3 /* shadow_balloon.png in Resources */ = {isa = PBXBuildFile; fileRef = 31F500192A6E3B3D00E4BCF3 /* shadow_balloon.png */; };
		31F5003F2A6E3B3D00E4BCF3 /* map_pinup.png in Resources */ = {isa = PBXBuildFile; fileRef = 31F5001A2A6E3B3D00E4BCF3 /* map_pinup.png */; };
		31F500402A6E3B3D00E4BCF3 /* detail_button.png in Resources */ = {isa = PBXBuildFile; fileRef = 31F5001B2A6E3B3D00E4BCF3 /* detail_button.png */; };
		31F500412A6E3B3D00E4BCF3 /* map_pin_custom@3x.png in Resources */ = {isa = PBXBuildFile; fileRef = 31F5001C2A6E3B3D00E4BCF3 /* map_pin_custom@3x.png */; };
		31F500422A6E3B3D00E4BCF3 /* map_pinup@3x.png in Resources */ = {isa = PBXBuildFile; fileRef = 31F5001D2A6E3B3D00E4BCF3 /* map_pinup@3x.png */; };
		31F500432A6E3B3D00E4BCF3 /* map_pin_shadow@3x.png in Resources */ = {isa = PBXBuildFile; fileRef = 31F5001E2A6E3B3D00E4BCF3 /* map_pin_shadow@3x.png */; };
		31F500442A6E3B3D00E4BCF3 /* copyright.png in Resources */ = {isa = PBXBuildFile; fileRef = 31F5001F2A6E3B3D00E4BCF3 /* copyright.png */; };
		31F500452A6E3B3D00E4BCF3 /* th_line.png in Resources */ = {isa = PBXBuildFile; fileRef = 31F500202A6E3B3D00E4BCF3 /* th_line.png */; };
		31F500462A6E3B3D00E4BCF3 /* map_pin_red@3x.png in Resources */ = {isa = PBXBuildFile; fileRef = 31F500212A6E3B3D00E4BCF3 /* map_pin_red@3x.png */; };
		31F500472A6E3B3D00E4BCF3 /* daum_copyright.png in Resources */ = {isa = PBXBuildFile; fileRef = 31F500222A6E3B3D00E4BCF3 /* daum_copyright.png */; };
		31F500482A6E3B3D00E4BCF3 /* map_pin@3x.png in Resources */ = {isa = PBXBuildFile; fileRef = 31F500232A6E3B3D00E4BCF3 /* map_pin@3x.png */; };
		31F500492A6E3B3D00E4BCF3 /* map_present_tracking.png in Resources */ = {isa = PBXBuildFile; fileRef = 31F500242A6E3B3D00E4BCF3 /* map_present_tracking.png */; };
		31F5004A2A6E3B3D00E4BCF3 /* map_pin_red.png in Resources */ = {isa = PBXBuildFile; fileRef = 31F500252A6E3B3D00E4BCF3 /* map_pin_red.png */; };
		31F5004B2A6E3B3D00E4BCF3 /* info_box.png in Resources */ = {isa = PBXBuildFile; fileRef = 31F5002F2A6E3B3D00E4BCF3 /* info_box.png */; };
		31F5004C2A6E3B3D00E4BCF3 /* point_sprite.png in Resources */ = {isa = PBXBuildFile; fileRef = 31F500302A6E3B3D00E4BCF3 /* point_sprite.png */; };
		31F5004D2A6E3B3D00E4BCF3 /* map_pinup_custom.png in Resources */ = {isa = PBXBuildFile; fileRef = 31F500312A6E3B3D00E4BCF3 /* map_pinup_custom.png */; };
		31F5004E2A6E3B3D00E4BCF3 /* info_box_tail.png in Resources */ = {isa = PBXBuildFile; fileRef = 31F500322A6E3B3D00E4BCF3 /* info_box_tail.png */; };
		31F5004F2A6E3B3D00E4BCF3 /* noimage256.png in Resources */ = {isa = PBXBuildFile; fileRef = 31F500332A6E3B3D00E4BCF3 /* noimage256.png */; };
		31F500502A6E3B3D00E4BCF3 /* map_present_direction.png in Resources */ = {isa = PBXBuildFile; fileRef = 31F500342A6E3B3D00E4BCF3 /* map_present_direction.png */; };
		31F500512A6E3B3D00E4BCF3 /* map_pin.png in Resources */ = {isa = PBXBuildFile; fileRef = 31F500352A6E3B3D00E4BCF3 /* map_pin.png */; };
		31F500522A6E3B3D00E4BCF3 /* map_present.png in Resources */ = {isa = PBXBuildFile; fileRef = 31F500362A6E3B3D00E4BCF3 /* map_present.png */; };
		31F500532A6E3B3D00E4BCF3 /* noimage.png in Resources */ = {isa = PBXBuildFile; fileRef = 31F500372A6E3B3D00E4BCF3 /* noimage.png */; };
		31F500542A6E3B3D00E4BCF3 /* map_present_background_update.png in Resources */ = {isa = PBXBuildFile; fileRef = 31F500382A6E3B3D00E4BCF3 /* map_present_background_update.png */; };
		31F500552A6E3B3D00E4BCF3 /* daum_th_line.png in Resources */ = {isa = PBXBuildFile; fileRef = 31F500392A6E3B3D00E4BCF3 /* daum_th_line.png */; };
		31F500562A6E3B3D00E4BCF3 /* map_pin_shadow.png in Resources */ = {isa = PBXBuildFile; fileRef = 31F5003A2A6E3B3D00E4BCF3 /* map_pin_shadow.png */; };
		31F500572A6E3B3D00E4BCF3 /* DaumMap.framework in Frameworks */ = {isa = PBXBuildFile; fileRef = 31F5003B2A6E3B3D00E4BCF3 /* DaumMap.framework */; };
		31F500622A6E762900E4BCF3 /* BookmarkView.swift in Sources */ = {isa = PBXBuildFile; fileRef = 31F500612A6E762900E4BCF3 /* BookmarkView.swift */; };
		31F500652A6E764D00E4BCF3 /* BookmarkViewModel.swift in Sources */ = {isa = PBXBuildFile; fileRef = 31F500642A6E764D00E4BCF3 /* BookmarkViewModel.swift */; };
		31F5006C2A70048300E4BCF3 /* PlaceView.swift in Sources */ = {isa = PBXBuildFile; fileRef = 31F5006B2A70048300E4BCF3 /* PlaceView.swift */; };
		31F5006F2A7004A900E4BCF3 /* ChaesoLogView.swift in Sources */ = {isa = PBXBuildFile; fileRef = 31F5006E2A7004A900E4BCF3 /* ChaesoLogView.swift */; };
		31F500712A7005A500E4BCF3 /* BookmarkTabCell.swift in Sources */ = {isa = PBXBuildFile; fileRef = 31F500702A7005A500E4BCF3 /* BookmarkTabCell.swift */; };
		31F500732A70DCE500E4BCF3 /* PlaceViewModel.swift in Sources */ = {isa = PBXBuildFile; fileRef = 31F500722A70DCE500E4BCF3 /* PlaceViewModel.swift */; };
		31F500762A70F3FA00E4BCF3 /* VeganStoryViewController.swift in Sources */ = {isa = PBXBuildFile; fileRef = 31F500752A70F3FA00E4BCF3 /* VeganStoryViewController.swift */; };
		31F500792A70F65E00E4BCF3 /* VSTabView.swift in Sources */ = {isa = PBXBuildFile; fileRef = 31F500782A70F65E00E4BCF3 /* VSTabView.swift */; };
		31F5007B2A70F69D00E4BCF3 /* VSTabViewModel.swift in Sources */ = {isa = PBXBuildFile; fileRef = 31F5007A2A70F69D00E4BCF3 /* VSTabViewModel.swift */; };
		31F5007D2A70F6A700E4BCF3 /* VSTabCell.swift in Sources */ = {isa = PBXBuildFile; fileRef = 31F5007C2A70F6A700E4BCF3 /* VSTabCell.swift */; };
		31F5007F2A70FA3700E4BCF3 /* VeganStoryViewModel.swift in Sources */ = {isa = PBXBuildFile; fileRef = 31F5007E2A70FA3700E4BCF3 /* VeganStoryViewModel.swift */; };
		31F500842A7101E000E4BCF3 /* InfoView.swift in Sources */ = {isa = PBXBuildFile; fileRef = 31F500832A7101E000E4BCF3 /* InfoView.swift */; };
		31F500862A7101EA00E4BCF3 /* MenuView.swift in Sources */ = {isa = PBXBuildFile; fileRef = 31F500852A7101EA00E4BCF3 /* MenuView.swift */; };
		31F500882A7101F200E4BCF3 /* ReviewView.swift in Sources */ = {isa = PBXBuildFile; fileRef = 31F500872A7101F200E4BCF3 /* ReviewView.swift */; };
		31F5008A2A72395C00E4BCF3 /* ContentTableViewCell.swift in Sources */ = {isa = PBXBuildFile; fileRef = 31F500892A72395C00E4BCF3 /* ContentTableViewCell.swift */; };
		31F5008C2A72456200E4BCF3 /* ContentTableViewCellModel.swift in Sources */ = {isa = PBXBuildFile; fileRef = 31F5008B2A72456200E4BCF3 /* ContentTableViewCellModel.swift */; };
		31F5008E2A727DE800E4BCF3 /* RatingTableViewCell.swift in Sources */ = {isa = PBXBuildFile; fileRef = 31F5008D2A727DE800E4BCF3 /* RatingTableViewCell.swift */; };
		31F500902A728F0C00E4BCF3 /* PhotoReviewTableViewCell.swift in Sources */ = {isa = PBXBuildFile; fileRef = 31F5008F2A728F0C00E4BCF3 /* PhotoReviewTableViewCell.swift */; };
		31F500922A73CFE200E4BCF3 /* PhotoReviewCollectionViewCell.swift in Sources */ = {isa = PBXBuildFile; fileRef = 31F500912A73CFE200E4BCF3 /* PhotoReviewCollectionViewCell.swift */; };
		31F500942A73D1F200E4BCF3 /* ReviewViewModel.swift in Sources */ = {isa = PBXBuildFile; fileRef = 31F500932A73D1F200E4BCF3 /* ReviewViewModel.swift */; };
		31F500992A74CEC600E4BCF3 /* WriteReviewViewController.swift in Sources */ = {isa = PBXBuildFile; fileRef = 31F500982A74CEC600E4BCF3 /* WriteReviewViewController.swift */; };
		31F5009B2A74CF7900E4BCF3 /* WriteReviewViewModel.swift in Sources */ = {isa = PBXBuildFile; fileRef = 31F5009A2A74CF7900E4BCF3 /* WriteReviewViewModel.swift */; };
		31F5009E2A74E66F00E4BCF3 /* Then in Frameworks */ = {isa = PBXBuildFile; productRef = 31F5009D2A74E66F00E4BCF3 /* Then */; };
		31F500A12A74F0D000E4BCF3 /* MainPTCollectionViewController.swift in Sources */ = {isa = PBXBuildFile; fileRef = 31F500A02A74F0D000E4BCF3 /* MainPTCollectionViewController.swift */; };
		31F500A32A74F0F800E4BCF3 /* MainPTCollectionViewModel.swift in Sources */ = {isa = PBXBuildFile; fileRef = 31F500A22A74F0F800E4BCF3 /* MainPTCollectionViewModel.swift */; };
		31F500A52A74F10600E4BCF3 /* MainPTCollectionViewCell.swift in Sources */ = {isa = PBXBuildFile; fileRef = 31F500A42A74F10600E4BCF3 /* MainPTCollectionViewCell.swift */; };
		31F5FFEF2A6D5F2900E4BCF3 /* OpenGLES.framework in Frameworks */ = {isa = PBXBuildFile; fileRef = 31F5FFEE2A6D5F2900E4BCF3 /* OpenGLES.framework */; };
		31F5FFF12A6D5F5800E4BCF3 /* SystemConfiguration.framework in Frameworks */ = {isa = PBXBuildFile; fileRef = 31F5FFF02A6D5F5800E4BCF3 /* SystemConfiguration.framework */; };
		31F5FFF32A6D5F6500E4BCF3 /* CoreLocation.framework in Frameworks */ = {isa = PBXBuildFile; fileRef = 31F5FFF22A6D5F6500E4BCF3 /* CoreLocation.framework */; };
		31F5FFF52A6D601100E4BCF3 /* QuartzCore.framework in Frameworks */ = {isa = PBXBuildFile; fileRef = 31F5FFF42A6D601100E4BCF3 /* QuartzCore.framework */; };
		31F5FFF72A6D602200E4BCF3 /* libc++.tbd in Frameworks */ = {isa = PBXBuildFile; fileRef = 31F5FFF62A6D602200E4BCF3 /* libc++.tbd */; };
		31F5FFF92A6D602E00E4BCF3 /* libxml2.tbd in Frameworks */ = {isa = PBXBuildFile; fileRef = 31F5FFF82A6D602E00E4BCF3 /* libxml2.tbd */; };
		31F5FFFB2A6D603B00E4BCF3 /* libsqlite3.tbd in Frameworks */ = {isa = PBXBuildFile; fileRef = 31F5FFFA2A6D603B00E4BCF3 /* libsqlite3.tbd */; };
		31F5FFFE2A6E34D300E4BCF3 /* LocalAPI.swift in Sources */ = {isa = PBXBuildFile; fileRef = 31F5FFFD2A6E34D300E4BCF3 /* LocalAPI.swift */; };
		9DD1241800024D2E325F256A /* Pods_ChaeSo.framework in Frameworks */ = {isa = PBXBuildFile; fileRef = 260699AF00107AD9D89F2B95 /* Pods_ChaeSo.framework */; };
/* End PBXBuildFile section */

/* Begin PBXFileReference section */
		260699AF00107AD9D89F2B95 /* Pods_ChaeSo.framework */ = {isa = PBXFileReference; explicitFileType = wrapper.framework; includeInIndex = 0; path = Pods_ChaeSo.framework; sourceTree = BUILT_PRODUCTS_DIR; };
		2AF2B425CBDE89AC53475E8C /* Pods-ChaeSo.release.xcconfig */ = {isa = PBXFileReference; includeInIndex = 1; lastKnownFileType = text.xcconfig; name = "Pods-ChaeSo.release.xcconfig"; path = "Target Support Files/Pods-ChaeSo/Pods-ChaeSo.release.xcconfig"; sourceTree = "<group>"; };
		3165C2222A76730E00421D05 /* PhotoAddCollectionViewCell.swift */ = {isa = PBXFileReference; lastKnownFileType = sourcecode.swift; path = PhotoAddCollectionViewCell.swift; sourceTree = "<group>"; };
		3165C2242A76741100421D05 /* PhotoAddFirstCollectionViewCell.swift */ = {isa = PBXFileReference; lastKnownFileType = sourcecode.swift; path = PhotoAddFirstCollectionViewCell.swift; sourceTree = "<group>"; };
		3165C2262A769AD000421D05 /* AAAAAA.swift */ = {isa = PBXFileReference; lastKnownFileType = sourcecode.swift; path = AAAAAA.swift; sourceTree = "<group>"; };
		3165C22F2A7B72BB00421D05 /* CommunityTableViewCell.swift */ = {isa = PBXFileReference; lastKnownFileType = sourcecode.swift; path = CommunityTableViewCell.swift; sourceTree = "<group>"; };
		3165C2342A7F645A00421D05 /* CommentViewController.swift */ = {isa = PBXFileReference; lastKnownFileType = sourcecode.swift; path = CommentViewController.swift; sourceTree = "<group>"; };
		3165C2362A7F646600421D05 /* CommentViewModel.swift */ = {isa = PBXFileReference; lastKnownFileType = sourcecode.swift; path = CommentViewModel.swift; sourceTree = "<group>"; };
		3165C2382A7F647100421D05 /* CommentModel.swift */ = {isa = PBXFileReference; lastKnownFileType = sourcecode.swift; path = CommentModel.swift; sourceTree = "<group>"; };
		3165C23F2A7F64DD00421D05 /* CommentTableViewCell.swift */ = {isa = PBXFileReference; lastKnownFileType = sourcecode.swift; path = CommentTableViewCell.swift; sourceTree = "<group>"; };
		3165C2422A7F6C8B00421D05 /* WriteChaesoLogViewController.swift */ = {isa = PBXFileReference; lastKnownFileType = sourcecode.swift; path = WriteChaesoLogViewController.swift; sourceTree = "<group>"; };
		3165C2442A7F767B00421D05 /* CommentHeaderView.swift */ = {isa = PBXFileReference; lastKnownFileType = sourcecode.swift; path = CommentHeaderView.swift; sourceTree = "<group>"; };
		317CDD7C2A4FF6C400F9320B /* ko */ = {isa = PBXFileReference; lastKnownFileType = text.plist.strings; name = ko; path = ko.lproj/LaunchScreen.strings; sourceTree = "<group>"; };
		317CDD7E2A4FF6E700F9320B /* en */ = {isa = PBXFileReference; lastKnownFileType = text.plist.strings; name = en; path = en.lproj/Localizable.strings; sourceTree = "<group>"; };
		317CDD802A4FF6F100F9320B /* ko */ = {isa = PBXFileReference; lastKnownFileType = text.plist.strings; name = ko; path = ko.lproj/Localizable.strings; sourceTree = "<group>"; };
		317CDD812A50338100F9320B /* LocalizationManager.swift */ = {isa = PBXFileReference; lastKnownFileType = sourcecode.swift; path = LocalizationManager.swift; sourceTree = "<group>"; };
		317ED7A92A49467700006F7B /* ChaeSo.app */ = {isa = PBXFileReference; explicitFileType = wrapper.application; includeInIndex = 0; path = ChaeSo.app; sourceTree = BUILT_PRODUCTS_DIR; };
		317ED7AC2A49467700006F7B /* AppDelegate.swift */ = {isa = PBXFileReference; lastKnownFileType = sourcecode.swift; path = AppDelegate.swift; sourceTree = "<group>"; };
		317ED7AE2A49467700006F7B /* SceneDelegate.swift */ = {isa = PBXFileReference; lastKnownFileType = sourcecode.swift; path = SceneDelegate.swift; sourceTree = "<group>"; };
		317ED7B02A49467700006F7B /* StartViewController.swift */ = {isa = PBXFileReference; lastKnownFileType = sourcecode.swift; path = StartViewController.swift; sourceTree = "<group>"; };
		317ED7B52A49467800006F7B /* Assets.xcassets */ = {isa = PBXFileReference; lastKnownFileType = folder.assetcatalog; path = Assets.xcassets; sourceTree = "<group>"; };
		317ED7B82A49467800006F7B /* Base */ = {isa = PBXFileReference; lastKnownFileType = file.storyboard; name = Base; path = Base.lproj/LaunchScreen.storyboard; sourceTree = "<group>"; };
		317ED7BA2A49467800006F7B /* Info.plist */ = {isa = PBXFileReference; lastKnownFileType = text.plist.xml; path = Info.plist; sourceTree = "<group>"; };
		317ED7C32A49521000006F7B /* Barriecito-Regular.ttf */ = {isa = PBXFileReference; lastKnownFileType = file; path = "Barriecito-Regular.ttf"; sourceTree = "<group>"; };
		317ED7C52A4954F700006F7B /* LoginViewController.swift */ = {isa = PBXFileReference; lastKnownFileType = sourcecode.swift; path = LoginViewController.swift; sourceTree = "<group>"; };
		317ED7D62A4976C400006F7B /* XCTest.framework */ = {isa = PBXFileReference; lastKnownFileType = wrapper.framework; name = XCTest.framework; path = Platforms/iPhoneOS.platform/Developer/Library/Frameworks/XCTest.framework; sourceTree = DEVELOPER_DIR; };
		317ED7D82A498DBE00006F7B /* Extensions.swift */ = {isa = PBXFileReference; lastKnownFileType = sourcecode.swift; path = Extensions.swift; sourceTree = "<group>"; };
		317ED7E12A49976200006F7B /* Pretendard-Medium.otf */ = {isa = PBXFileReference; lastKnownFileType = file; path = "Pretendard-Medium.otf"; sourceTree = "<group>"; };
		317ED7E22A49976200006F7B /* Pretendard-Regular.otf */ = {isa = PBXFileReference; lastKnownFileType = file; path = "Pretendard-Regular.otf"; sourceTree = "<group>"; };
		317ED7E32A49976200006F7B /* Pretendard-SemiBold.otf */ = {isa = PBXFileReference; lastKnownFileType = file; path = "Pretendard-SemiBold.otf"; sourceTree = "<group>"; };
		317ED7E72A499CFC00006F7B /* SignUpViewController.swift */ = {isa = PBXFileReference; lastKnownFileType = sourcecode.swift; path = SignUpViewController.swift; sourceTree = "<group>"; };
		317ED7E92A49CF1200006F7B /* StartViewModel.swift */ = {isa = PBXFileReference; lastKnownFileType = sourcecode.swift; path = StartViewModel.swift; sourceTree = "<group>"; };
		317ED7EB2A49D67B00006F7B /* SignUpViewModel.swift */ = {isa = PBXFileReference; lastKnownFileType = sourcecode.swift; path = SignUpViewModel.swift; sourceTree = "<group>"; };
		317ED7ED2A49D6FB00006F7B /* LoginViewModel.swift */ = {isa = PBXFileReference; lastKnownFileType = sourcecode.swift; path = LoginViewModel.swift; sourceTree = "<group>"; };
		317ED7EF2A4D69CF00006F7B /* Validator.swift */ = {isa = PBXFileReference; lastKnownFileType = sourcecode.swift; path = Validator.swift; sourceTree = "<group>"; };
		31C392082A62B06A006C9FFE /* TestViewController.swift */ = {isa = PBXFileReference; lastKnownFileType = sourcecode.swift; path = TestViewController.swift; sourceTree = "<group>"; };
		31C392112A62CD99006C9FFE /* Config.xcconfig */ = {isa = PBXFileReference; lastKnownFileType = text.xcconfig; path = Config.xcconfig; sourceTree = "<group>"; };
		31C3921D2A658258006C9FFE /* PTCollectionViewController.swift */ = {isa = PBXFileReference; lastKnownFileType = sourcecode.swift; path = PTCollectionViewController.swift; sourceTree = "<group>"; };
		31C3921F2A658289006C9FFE /* PTCollectionViewModel.swift */ = {isa = PBXFileReference; lastKnownFileType = sourcecode.swift; path = PTCollectionViewModel.swift; sourceTree = "<group>"; };
		31C392212A658C5F006C9FFE /* PTCollectionViewCell.swift */ = {isa = PBXFileReference; lastKnownFileType = sourcecode.swift; path = PTCollectionViewCell.swift; sourceTree = "<group>"; };
		31C392232A6BEEA8006C9FFE /* MyPageTableViewCell.swift */ = {isa = PBXFileReference; lastKnownFileType = sourcecode.swift; path = MyPageTableViewCell.swift; sourceTree = "<group>"; };
		31C4B1ED2A54115000BABD62 /* Constants.swift */ = {isa = PBXFileReference; lastKnownFileType = sourcecode.swift; path = Constants.swift; sourceTree = "<group>"; };
		31C4B1F02A5551EF00BABD62 /* TabBarViewController.swift */ = {isa = PBXFileReference; lastKnownFileType = sourcecode.swift; path = TabBarViewController.swift; sourceTree = "<group>"; };
		31C4B1F22A55520000BABD62 /* TabBarViewModel.swift */ = {isa = PBXFileReference; lastKnownFileType = sourcecode.swift; path = TabBarViewModel.swift; sourceTree = "<group>"; };
		31C4B1F42A55520D00BABD62 /* TabBarModel.swift */ = {isa = PBXFileReference; lastKnownFileType = sourcecode.swift; path = TabBarModel.swift; sourceTree = "<group>"; };
		31C4B1F82A55526C00BABD62 /* CommunityViewController.swift */ = {isa = PBXFileReference; lastKnownFileType = sourcecode.swift; path = CommunityViewController.swift; sourceTree = "<group>"; };
		31C4B1FA2A55527D00BABD62 /* MapViewController.swift */ = {isa = PBXFileReference; lastKnownFileType = sourcecode.swift; path = MapViewController.swift; sourceTree = "<group>"; };
		31C4B1FC2A55529B00BABD62 /* MyPageViewController.swift */ = {isa = PBXFileReference; lastKnownFileType = sourcecode.swift; path = MyPageViewController.swift; sourceTree = "<group>"; };
		31C4B1FE2A55531800BABD62 /* CommunityViewModel.swift */ = {isa = PBXFileReference; lastKnownFileType = sourcecode.swift; path = CommunityViewModel.swift; sourceTree = "<group>"; };
		31C4B2002A55532300BABD62 /* CommunityModel.swift */ = {isa = PBXFileReference; lastKnownFileType = sourcecode.swift; path = CommunityModel.swift; sourceTree = "<group>"; };
		31C4B2022A55533500BABD62 /* MapViewModel.swift */ = {isa = PBXFileReference; lastKnownFileType = sourcecode.swift; path = MapViewModel.swift; sourceTree = "<group>"; };
		31C4B2042A55534200BABD62 /* MapModel.swift */ = {isa = PBXFileReference; lastKnownFileType = sourcecode.swift; path = MapModel.swift; sourceTree = "<group>"; };
		31C4B2062A55535800BABD62 /* MyPageViewModel.swift */ = {isa = PBXFileReference; lastKnownFileType = sourcecode.swift; path = MyPageViewModel.swift; sourceTree = "<group>"; };
		31C4B2082A55536200BABD62 /* MyPageModel.swift */ = {isa = PBXFileReference; lastKnownFileType = sourcecode.swift; path = MyPageModel.swift; sourceTree = "<group>"; };
		31C4B2112A56FC7000BABD62 /* TosViewController.swift */ = {isa = PBXFileReference; lastKnownFileType = sourcecode.swift; path = TosViewController.swift; sourceTree = "<group>"; };
		31C4B2142A56FCC700BABD62 /* TosViewModel.swift */ = {isa = PBXFileReference; lastKnownFileType = sourcecode.swift; path = TosViewModel.swift; sourceTree = "<group>"; };
		31C4B2182A57EB2F00BABD62 /* Pretendard-Bold.otf */ = {isa = PBXFileReference; lastKnownFileType = file; name = "Pretendard-Bold.otf"; path = "../../../../Downloads/Pretendard-1.3.7/public/static/Pretendard-Bold.otf"; sourceTree = "<group>"; };
		31C4B21A2A5AA69E00BABD62 /* NicknameViewController.swift */ = {isa = PBXFileReference; lastKnownFileType = sourcecode.swift; path = NicknameViewController.swift; sourceTree = "<group>"; };
		31C4B21C2A5AA6EB00BABD62 /* NicknameViewModel.swift */ = {isa = PBXFileReference; lastKnownFileType = sourcecode.swift; path = NicknameViewModel.swift; sourceTree = "<group>"; };
		31C4B21F2A5AC26200BABD62 /* SearchingViewController.swift */ = {isa = PBXFileReference; lastKnownFileType = sourcecode.swift; path = SearchingViewController.swift; sourceTree = "<group>"; };
		31C4B2212A5AC26F00BABD62 /* SearchingViewModel.swift */ = {isa = PBXFileReference; lastKnownFileType = sourcecode.swift; path = SearchingViewModel.swift; sourceTree = "<group>"; };
		31CF47262A5AF65400A83671 /* VeganViewController.swift */ = {isa = PBXFileReference; lastKnownFileType = sourcecode.swift; path = VeganViewController.swift; sourceTree = "<group>"; };
		31CF47282A5AF66100A83671 /* VeganViewModel.swift */ = {isa = PBXFileReference; lastKnownFileType = sourcecode.swift; path = VeganViewModel.swift; sourceTree = "<group>"; };
		31CF472C2A5BEED300A83671 /* UserInfo.swift */ = {isa = PBXFileReference; lastKnownFileType = sourcecode.swift; path = UserInfo.swift; sourceTree = "<group>"; };
		31CF47302A61088400A83671 /* IdLoginViewController.swift */ = {isa = PBXFileReference; lastKnownFileType = sourcecode.swift; path = IdLoginViewController.swift; sourceTree = "<group>"; };
		31F500022A6E352F00E4BCF3 /* LocationData.swift */ = {isa = PBXFileReference; lastKnownFileType = sourcecode.swift; path = LocationData.swift; sourceTree = "<group>"; };
		31F500042A6E353F00E4BCF3 /* KLDocument.swift */ = {isa = PBXFileReference; lastKnownFileType = sourcecode.swift; path = KLDocument.swift; sourceTree = "<group>"; };
		31F500062A6E355100E4BCF3 /* DetailListCellData.swift */ = {isa = PBXFileReference; lastKnownFileType = sourcecode.swift; path = DetailListCellData.swift; sourceTree = "<group>"; };
		31F500082A6E356400E4BCF3 /* MTMapViewError.swift */ = {isa = PBXFileReference; lastKnownFileType = sourcecode.swift; path = MTMapViewError.swift; sourceTree = "<group>"; };
		31F5000A2A6E35A700E4BCF3 /* DetailListCell.swift */ = {isa = PBXFileReference; lastKnownFileType = sourcecode.swift; path = DetailListCell.swift; sourceTree = "<group>"; };
		31F5000C2A6E35E200E4BCF3 /* DetailListBackgroundView.swift */ = {isa = PBXFileReference; lastKnownFileType = sourcecode.swift; path = DetailListBackgroundView.swift; sourceTree = "<group>"; };
		31F5000E2A6E35F500E4BCF3 /* DetailListBackgroundViewModel.swift */ = {isa = PBXFileReference; lastKnownFileType = sourcecode.swift; path = DetailListBackgroundViewModel.swift; sourceTree = "<group>"; };
		31F500172A6E3B3D00E4BCF3 /* map_pinup_custom@3x.png */ = {isa = PBXFileReference; lastKnownFileType = image.png; path = "map_pinup_custom@3x.png"; sourceTree = "<group>"; };
		31F500182A6E3B3D00E4BCF3 /* map_pin_custom.png */ = {isa = PBXFileReference; lastKnownFileType = image.png; path = map_pin_custom.png; sourceTree = "<group>"; };
		31F500192A6E3B3D00E4BCF3 /* shadow_balloon.png */ = {isa = PBXFileReference; lastKnownFileType = image.png; path = shadow_balloon.png; sourceTree = "<group>"; };
		31F5001A2A6E3B3D00E4BCF3 /* map_pinup.png */ = {isa = PBXFileReference; lastKnownFileType = image.png; path = map_pinup.png; sourceTree = "<group>"; };
		31F5001B2A6E3B3D00E4BCF3 /* detail_button.png */ = {isa = PBXFileReference; lastKnownFileType = image.png; path = detail_button.png; sourceTree = "<group>"; };
		31F5001C2A6E3B3D00E4BCF3 /* map_pin_custom@3x.png */ = {isa = PBXFileReference; lastKnownFileType = image.png; path = "map_pin_custom@3x.png"; sourceTree = "<group>"; };
		31F5001D2A6E3B3D00E4BCF3 /* map_pinup@3x.png */ = {isa = PBXFileReference; lastKnownFileType = image.png; path = "map_pinup@3x.png"; sourceTree = "<group>"; };
		31F5001E2A6E3B3D00E4BCF3 /* map_pin_shadow@3x.png */ = {isa = PBXFileReference; lastKnownFileType = image.png; path = "map_pin_shadow@3x.png"; sourceTree = "<group>"; };
		31F5001F2A6E3B3D00E4BCF3 /* copyright.png */ = {isa = PBXFileReference; lastKnownFileType = image.png; path = copyright.png; sourceTree = "<group>"; };
		31F500202A6E3B3D00E4BCF3 /* th_line.png */ = {isa = PBXFileReference; lastKnownFileType = image.png; path = th_line.png; sourceTree = "<group>"; };
		31F500212A6E3B3D00E4BCF3 /* map_pin_red@3x.png */ = {isa = PBXFileReference; lastKnownFileType = image.png; path = "map_pin_red@3x.png"; sourceTree = "<group>"; };
		31F500222A6E3B3D00E4BCF3 /* daum_copyright.png */ = {isa = PBXFileReference; lastKnownFileType = image.png; path = daum_copyright.png; sourceTree = "<group>"; };
		31F500232A6E3B3D00E4BCF3 /* map_pin@3x.png */ = {isa = PBXFileReference; lastKnownFileType = image.png; path = "map_pin@3x.png"; sourceTree = "<group>"; };
		31F500242A6E3B3D00E4BCF3 /* map_present_tracking.png */ = {isa = PBXFileReference; lastKnownFileType = image.png; path = map_present_tracking.png; sourceTree = "<group>"; };
		31F500252A6E3B3D00E4BCF3 /* map_pin_red.png */ = {isa = PBXFileReference; lastKnownFileType = image.png; path = map_pin_red.png; sourceTree = "<group>"; };
		31F500272A6E3B3D00E4BCF3 /* MTMapPOIItem.h */ = {isa = PBXFileReference; fileEncoding = 4; lastKnownFileType = sourcecode.c.h; path = MTMapPOIItem.h; sourceTree = "<group>"; };
		31F500282A6E3B3D00E4BCF3 /* MTMapCameraUpdate.h */ = {isa = PBXFileReference; fileEncoding = 4; lastKnownFileType = sourcecode.c.h; path = MTMapCameraUpdate.h; sourceTree = "<group>"; };
		31F500292A6E3B3D00E4BCF3 /* MTMapReverseGeoCoder.h */ = {isa = PBXFileReference; fileEncoding = 4; lastKnownFileType = sourcecode.c.h; path = MTMapReverseGeoCoder.h; sourceTree = "<group>"; };
		31F5002A2A6E3B3D00E4BCF3 /* MTMapPolyline.h */ = {isa = PBXFileReference; fileEncoding = 4; lastKnownFileType = sourcecode.c.h; path = MTMapPolyline.h; sourceTree = "<group>"; };
		31F5002B2A6E3B3D00E4BCF3 /* MTMapLocationMarkerItem.h */ = {isa = PBXFileReference; fileEncoding = 4; lastKnownFileType = sourcecode.c.h; path = MTMapLocationMarkerItem.h; sourceTree = "<group>"; };
		31F5002C2A6E3B3D00E4BCF3 /* MTMapView.h */ = {isa = PBXFileReference; fileEncoding = 4; lastKnownFileType = sourcecode.c.h; path = MTMapView.h; sourceTree = "<group>"; };
		31F5002D2A6E3B3D00E4BCF3 /* MTMapGeometry.h */ = {isa = PBXFileReference; fileEncoding = 4; lastKnownFileType = sourcecode.c.h; path = MTMapGeometry.h; sourceTree = "<group>"; };
		31F5002E2A6E3B3D00E4BCF3 /* MTMapCircle.h */ = {isa = PBXFileReference; fileEncoding = 4; lastKnownFileType = sourcecode.c.h; path = MTMapCircle.h; sourceTree = "<group>"; };
		31F5002F2A6E3B3D00E4BCF3 /* info_box.png */ = {isa = PBXFileReference; lastKnownFileType = image.png; path = info_box.png; sourceTree = "<group>"; };
		31F500302A6E3B3D00E4BCF3 /* point_sprite.png */ = {isa = PBXFileReference; lastKnownFileType = image.png; path = point_sprite.png; sourceTree = "<group>"; };
		31F500312A6E3B3D00E4BCF3 /* map_pinup_custom.png */ = {isa = PBXFileReference; lastKnownFileType = image.png; path = map_pinup_custom.png; sourceTree = "<group>"; };
		31F500322A6E3B3D00E4BCF3 /* info_box_tail.png */ = {isa = PBXFileReference; lastKnownFileType = image.png; path = info_box_tail.png; sourceTree = "<group>"; };
		31F500332A6E3B3D00E4BCF3 /* noimage256.png */ = {isa = PBXFileReference; lastKnownFileType = image.png; path = noimage256.png; sourceTree = "<group>"; };
		31F500342A6E3B3D00E4BCF3 /* map_present_direction.png */ = {isa = PBXFileReference; lastKnownFileType = image.png; path = map_present_direction.png; sourceTree = "<group>"; };
		31F500352A6E3B3D00E4BCF3 /* map_pin.png */ = {isa = PBXFileReference; lastKnownFileType = image.png; path = map_pin.png; sourceTree = "<group>"; };
		31F500362A6E3B3D00E4BCF3 /* map_present.png */ = {isa = PBXFileReference; lastKnownFileType = image.png; path = map_present.png; sourceTree = "<group>"; };
		31F500372A6E3B3D00E4BCF3 /* noimage.png */ = {isa = PBXFileReference; lastKnownFileType = image.png; path = noimage.png; sourceTree = "<group>"; };
		31F500382A6E3B3D00E4BCF3 /* map_present_background_update.png */ = {isa = PBXFileReference; lastKnownFileType = image.png; path = map_present_background_update.png; sourceTree = "<group>"; };
		31F500392A6E3B3D00E4BCF3 /* daum_th_line.png */ = {isa = PBXFileReference; lastKnownFileType = image.png; path = daum_th_line.png; sourceTree = "<group>"; };
		31F5003A2A6E3B3D00E4BCF3 /* map_pin_shadow.png */ = {isa = PBXFileReference; lastKnownFileType = image.png; path = map_pin_shadow.png; sourceTree = "<group>"; };
		31F5003B2A6E3B3D00E4BCF3 /* DaumMap.framework */ = {isa = PBXFileReference; lastKnownFileType = wrapper.framework; path = DaumMap.framework; sourceTree = "<group>"; };
		31F500602A6E440A00E4BCF3 /* FlowTomato.json */ = {isa = PBXFileReference; lastKnownFileType = text.json; name = FlowTomato.json; path = ../../../../Downloads/FlowTomato.json; sourceTree = "<group>"; };
		31F500612A6E762900E4BCF3 /* BookmarkView.swift */ = {isa = PBXFileReference; lastKnownFileType = sourcecode.swift; path = BookmarkView.swift; sourceTree = "<group>"; };
		31F500642A6E764D00E4BCF3 /* BookmarkViewModel.swift */ = {isa = PBXFileReference; lastKnownFileType = sourcecode.swift; path = BookmarkViewModel.swift; sourceTree = "<group>"; };
		31F5006B2A70048300E4BCF3 /* PlaceView.swift */ = {isa = PBXFileReference; lastKnownFileType = sourcecode.swift; path = PlaceView.swift; sourceTree = "<group>"; };
		31F5006E2A7004A900E4BCF3 /* ChaesoLogView.swift */ = {isa = PBXFileReference; lastKnownFileType = sourcecode.swift; path = ChaesoLogView.swift; sourceTree = "<group>"; };
		31F500702A7005A500E4BCF3 /* BookmarkTabCell.swift */ = {isa = PBXFileReference; lastKnownFileType = sourcecode.swift; path = BookmarkTabCell.swift; sourceTree = "<group>"; };
		31F500722A70DCE500E4BCF3 /* PlaceViewModel.swift */ = {isa = PBXFileReference; lastKnownFileType = sourcecode.swift; path = PlaceViewModel.swift; sourceTree = "<group>"; };
		31F500752A70F3FA00E4BCF3 /* VeganStoryViewController.swift */ = {isa = PBXFileReference; lastKnownFileType = sourcecode.swift; path = VeganStoryViewController.swift; sourceTree = "<group>"; };
		31F500782A70F65E00E4BCF3 /* VSTabView.swift */ = {isa = PBXFileReference; lastKnownFileType = sourcecode.swift; path = VSTabView.swift; sourceTree = "<group>"; };
		31F5007A2A70F69D00E4BCF3 /* VSTabViewModel.swift */ = {isa = PBXFileReference; lastKnownFileType = sourcecode.swift; path = VSTabViewModel.swift; sourceTree = "<group>"; };
		31F5007C2A70F6A700E4BCF3 /* VSTabCell.swift */ = {isa = PBXFileReference; lastKnownFileType = sourcecode.swift; path = VSTabCell.swift; sourceTree = "<group>"; };
		31F5007E2A70FA3700E4BCF3 /* VeganStoryViewModel.swift */ = {isa = PBXFileReference; lastKnownFileType = sourcecode.swift; path = VeganStoryViewModel.swift; sourceTree = "<group>"; };
		31F500832A7101E000E4BCF3 /* InfoView.swift */ = {isa = PBXFileReference; lastKnownFileType = sourcecode.swift; path = InfoView.swift; sourceTree = "<group>"; };
		31F500852A7101EA00E4BCF3 /* MenuView.swift */ = {isa = PBXFileReference; lastKnownFileType = sourcecode.swift; path = MenuView.swift; sourceTree = "<group>"; };
		31F500872A7101F200E4BCF3 /* ReviewView.swift */ = {isa = PBXFileReference; lastKnownFileType = sourcecode.swift; path = ReviewView.swift; sourceTree = "<group>"; };
		31F500892A72395C00E4BCF3 /* ContentTableViewCell.swift */ = {isa = PBXFileReference; lastKnownFileType = sourcecode.swift; path = ContentTableViewCell.swift; sourceTree = "<group>"; };
		31F5008B2A72456200E4BCF3 /* ContentTableViewCellModel.swift */ = {isa = PBXFileReference; lastKnownFileType = sourcecode.swift; path = ContentTableViewCellModel.swift; sourceTree = "<group>"; };
		31F5008D2A727DE800E4BCF3 /* RatingTableViewCell.swift */ = {isa = PBXFileReference; lastKnownFileType = sourcecode.swift; path = RatingTableViewCell.swift; sourceTree = "<group>"; };
		31F5008F2A728F0C00E4BCF3 /* PhotoReviewTableViewCell.swift */ = {isa = PBXFileReference; lastKnownFileType = sourcecode.swift; path = PhotoReviewTableViewCell.swift; sourceTree = "<group>"; };
		31F500912A73CFE200E4BCF3 /* PhotoReviewCollectionViewCell.swift */ = {isa = PBXFileReference; lastKnownFileType = sourcecode.swift; path = PhotoReviewCollectionViewCell.swift; sourceTree = "<group>"; };
		31F500932A73D1F200E4BCF3 /* ReviewViewModel.swift */ = {isa = PBXFileReference; lastKnownFileType = sourcecode.swift; path = ReviewViewModel.swift; sourceTree = "<group>"; };
		31F500982A74CEC600E4BCF3 /* WriteReviewViewController.swift */ = {isa = PBXFileReference; lastKnownFileType = sourcecode.swift; path = WriteReviewViewController.swift; sourceTree = "<group>"; };
		31F5009A2A74CF7900E4BCF3 /* WriteReviewViewModel.swift */ = {isa = PBXFileReference; lastKnownFileType = sourcecode.swift; path = WriteReviewViewModel.swift; sourceTree = "<group>"; };
		31F500A02A74F0D000E4BCF3 /* MainPTCollectionViewController.swift */ = {isa = PBXFileReference; lastKnownFileType = sourcecode.swift; path = MainPTCollectionViewController.swift; sourceTree = "<group>"; };
		31F500A22A74F0F800E4BCF3 /* MainPTCollectionViewModel.swift */ = {isa = PBXFileReference; lastKnownFileType = sourcecode.swift; path = MainPTCollectionViewModel.swift; sourceTree = "<group>"; };
		31F500A42A74F10600E4BCF3 /* MainPTCollectionViewCell.swift */ = {isa = PBXFileReference; lastKnownFileType = sourcecode.swift; path = MainPTCollectionViewCell.swift; sourceTree = "<group>"; };
		31F5FFAA2A6CF5AC00E4BCF3 /* ChaeSo.entitlements */ = {isa = PBXFileReference; lastKnownFileType = text.plist.entitlements; path = ChaeSo.entitlements; sourceTree = "<group>"; };
		31F5FFEE2A6D5F2900E4BCF3 /* OpenGLES.framework */ = {isa = PBXFileReference; lastKnownFileType = wrapper.framework; name = OpenGLES.framework; path = System/Library/Frameworks/OpenGLES.framework; sourceTree = SDKROOT; };
		31F5FFF02A6D5F5800E4BCF3 /* SystemConfiguration.framework */ = {isa = PBXFileReference; lastKnownFileType = wrapper.framework; name = SystemConfiguration.framework; path = System/Library/Frameworks/SystemConfiguration.framework; sourceTree = SDKROOT; };
		31F5FFF22A6D5F6500E4BCF3 /* CoreLocation.framework */ = {isa = PBXFileReference; lastKnownFileType = wrapper.framework; name = CoreLocation.framework; path = System/Library/Frameworks/CoreLocation.framework; sourceTree = SDKROOT; };
		31F5FFF42A6D601100E4BCF3 /* QuartzCore.framework */ = {isa = PBXFileReference; lastKnownFileType = wrapper.framework; name = QuartzCore.framework; path = System/Library/Frameworks/QuartzCore.framework; sourceTree = SDKROOT; };
		31F5FFF62A6D602200E4BCF3 /* libc++.tbd */ = {isa = PBXFileReference; lastKnownFileType = "sourcecode.text-based-dylib-definition"; name = "libc++.tbd"; path = "usr/lib/libc++.tbd"; sourceTree = SDKROOT; };
		31F5FFF82A6D602E00E4BCF3 /* libxml2.tbd */ = {isa = PBXFileReference; lastKnownFileType = "sourcecode.text-based-dylib-definition"; name = libxml2.tbd; path = usr/lib/libxml2.tbd; sourceTree = SDKROOT; };
		31F5FFFA2A6D603B00E4BCF3 /* libsqlite3.tbd */ = {isa = PBXFileReference; lastKnownFileType = "sourcecode.text-based-dylib-definition"; name = libsqlite3.tbd; path = usr/lib/libsqlite3.tbd; sourceTree = SDKROOT; };
		31F5FFFC2A6D612C00E4BCF3 /* BridgingHeader.h */ = {isa = PBXFileReference; lastKnownFileType = sourcecode.c.h; path = BridgingHeader.h; sourceTree = "<group>"; };
		31F5FFFD2A6E34D300E4BCF3 /* LocalAPI.swift */ = {isa = PBXFileReference; lastKnownFileType = sourcecode.swift; path = LocalAPI.swift; sourceTree = "<group>"; };
		31F5FFFF2A6E34EE00E4BCF3 /* LocalNetwork.swift */ = {isa = PBXFileReference; lastKnownFileType = sourcecode.swift; path = LocalNetwork.swift; sourceTree = "<group>"; };
		EF2B71616B79C7EBBCECF87A /* Pods-ChaeSo.debug.xcconfig */ = {isa = PBXFileReference; includeInIndex = 1; lastKnownFileType = text.xcconfig; name = "Pods-ChaeSo.debug.xcconfig"; path = "Target Support Files/Pods-ChaeSo/Pods-ChaeSo.debug.xcconfig"; sourceTree = "<group>"; };
/* End PBXFileReference section */

/* Begin PBXFrameworksBuildPhase section */
		317ED7A62A49467700006F7B /* Frameworks */ = {
			isa = PBXFrameworksBuildPhase;
			buildActionMask = 2147483647;
			files = (
				31F5FFFB2A6D603B00E4BCF3 /* libsqlite3.tbd in Frameworks */,
				31F5FFF92A6D602E00E4BCF3 /* libxml2.tbd in Frameworks */,
				31F5FFF72A6D602200E4BCF3 /* libc++.tbd in Frameworks */,
				31F5FFF52A6D601100E4BCF3 /* QuartzCore.framework in Frameworks */,
				31F5FFF32A6D5F6500E4BCF3 /* CoreLocation.framework in Frameworks */,
				31F5FFF12A6D5F5800E4BCF3 /* SystemConfiguration.framework in Frameworks */,
				31F5FFEF2A6D5F2900E4BCF3 /* OpenGLES.framework in Frameworks */,
				317ED7CC2A49567900006F7B /* RxCocoa in Frameworks */,
				31C392272A6C0976006C9FFE /* RxDataSources in Frameworks */,
				31CF47222A5AC6F000A83671 /* Lottie in Frameworks */,
				31C392162A641009006C9FFE /* GoogleSignIn in Frameworks */,
				31C392182A641009006C9FFE /* GoogleSignInSwift in Frameworks */,
				317ED7C22A4946A700006F7B /* SnapKit in Frameworks */,
				31F5009E2A74E66F00E4BCF3 /* Then in Frameworks */,
				31C3920E2A62B992006C9FFE /* RxKakaoSDKCommon in Frameworks */,
				31C3920C2A62B992006C9FFE /* RxKakaoSDKAuth in Frameworks */,
				317ED7D02A49567900006F7B /* RxSwift in Frameworks */,
				31F500572A6E3B3D00E4BCF3 /* DaumMap.framework in Frameworks */,
				317ED7CE2A49567900006F7B /* RxRelay in Frameworks */,
				31C392102A62B992006C9FFE /* RxKakaoSDKUser in Frameworks */,
				9DD1241800024D2E325F256A /* Pods_ChaeSo.framework in Frameworks */,
			);
			runOnlyForDeploymentPostprocessing = 0;
		};
/* End PBXFrameworksBuildPhase section */

/* Begin PBXGroup section */
		3165C2332A7F643300421D05 /* CommentView */ = {
			isa = PBXGroup;
			children = (
				3165C23C2A7F648800421D05 /* CommentTableViewCell */,
				3165C2342A7F645A00421D05 /* CommentViewController.swift */,
				3165C2362A7F646600421D05 /* CommentViewModel.swift */,
				3165C2382A7F647100421D05 /* CommentModel.swift */,
			);
			path = CommentView;
			sourceTree = "<group>";
		};
		3165C23C2A7F648800421D05 /* CommentTableViewCell */ = {
			isa = PBXGroup;
			children = (
				3165C23F2A7F64DD00421D05 /* CommentTableViewCell.swift */,
				3165C2442A7F767B00421D05 /* CommentHeaderView.swift */,
			);
			path = CommentTableViewCell;
			sourceTree = "<group>";
		};
		3165C2412A7F6C6700421D05 /* WriteChaesoLogView */ = {
			isa = PBXGroup;
			children = (
				3165C2422A7F6C8B00421D05 /* WriteChaesoLogViewController.swift */,
			);
			path = WriteChaesoLogView;
			sourceTree = "<group>";
		};
		317CDD832A5130EE00F9320B /* Model */ = {
			isa = PBXGroup;
			children = (
				317CDD812A50338100F9320B /* LocalizationManager.swift */,
				31CF472C2A5BEED300A83671 /* UserInfo.swift */,
				317ED7EF2A4D69CF00006F7B /* Validator.swift */,
			);
			path = Model;
			sourceTree = "<group>";
		};
		317ED7A02A49467700006F7B = {
			isa = PBXGroup;
			children = (
				317ED7AB2A49467700006F7B /* ChaeSo */,
				317ED7AA2A49467700006F7B /* Products */,
				317ED7D52A4976C400006F7B /* Frameworks */,
				7DD07D34F486E0D597426205 /* Pods */,
			);
			sourceTree = "<group>";
		};
		317ED7AA2A49467700006F7B /* Products */ = {
			isa = PBXGroup;
			children = (
				317ED7A92A49467700006F7B /* ChaeSo.app */,
			);
			name = Products;
			sourceTree = "<group>";
		};
		317ED7AB2A49467700006F7B /* ChaeSo */ = {
			isa = PBXGroup;
			children = (
				31F5FFAA2A6CF5AC00E4BCF3 /* ChaeSo.entitlements */,
				31F5FFFC2A6D612C00E4BCF3 /* BridgingHeader.h */,
				317ED7C72A49550100006F7B /* FontStyle */,
				317ED7AC2A49467700006F7B /* AppDelegate.swift */,
				317ED7AE2A49467700006F7B /* SceneDelegate.swift */,
				31C4B20A2A55586E00BABD62 /* StartPage */,
				31C4B20B2A55588700BABD62 /* LoginPage */,
				31C4B20C2A55589C00BABD62 /* IdLogin&SignUpPage */,
				31C4B2132A56FCAE00BABD62 /* TosPage */,
				31C4B21E2A5AC22D00BABD62 /* NicknamePage */,
				31CF472B2A5AF6AE00A83671 /* VeganPage */,
				31CF47252A5AF62000A83671 /* SearchingPage */,
				31F5009F2A74F0A900E4BCF3 /* MainPTCollectionViewPage */,
				31F500012A6E350400E4BCF3 /* PTCollectionPage */,
				31C4B20D2A5558B000BABD62 /* TabBar */,
				31C4B20E2A5558E300BABD62 /* CommunityPage */,
				31C4B20F2A5558F500BABD62 /* MapPage */,
				31C4B2102A55590700BABD62 /* MyPage */,
				31C4B1EF2A54115500BABD62 /* Utility */,
				317CDD832A5130EE00F9320B /* Model */,
				317ED7B52A49467800006F7B /* Assets.xcassets */,
				317ED7B72A49467800006F7B /* LaunchScreen.storyboard */,
				317ED7BA2A49467800006F7B /* Info.plist */,
				317CDD7F2A4FF6E700F9320B /* Localizable.strings */,
				31C392082A62B06A006C9FFE /* TestViewController.swift */,
				31C392112A62CD99006C9FFE /* Config.xcconfig */,
				31F5FFFD2A6E34D300E4BCF3 /* LocalAPI.swift */,
				31F5FFFF2A6E34EE00E4BCF3 /* LocalNetwork.swift */,
				31F500022A6E352F00E4BCF3 /* LocationData.swift */,
				31F500042A6E353F00E4BCF3 /* KLDocument.swift */,
				31F500062A6E355100E4BCF3 /* DetailListCellData.swift */,
				31F500082A6E356400E4BCF3 /* MTMapViewError.swift */,
				31F5000A2A6E35A700E4BCF3 /* DetailListCell.swift */,
				31F5000C2A6E35E200E4BCF3 /* DetailListBackgroundView.swift */,
				31F5000E2A6E35F500E4BCF3 /* DetailListBackgroundViewModel.swift */,
				3165C2262A769AD000421D05 /* AAAAAA.swift */,
			);
			path = ChaeSo;
			sourceTree = "<group>";
		};
		317ED7C72A49550100006F7B /* FontStyle */ = {
			isa = PBXGroup;
			children = (
				31C4B2182A57EB2F00BABD62 /* Pretendard-Bold.otf */,
				317ED7E12A49976200006F7B /* Pretendard-Medium.otf */,
				317ED7E22A49976200006F7B /* Pretendard-Regular.otf */,
				317ED7E32A49976200006F7B /* Pretendard-SemiBold.otf */,
				317ED7C32A49521000006F7B /* Barriecito-Regular.ttf */,
			);
			path = FontStyle;
			sourceTree = "<group>";
		};
		317ED7D52A4976C400006F7B /* Frameworks */ = {
			isa = PBXGroup;
			children = (
				31F5FFFA2A6D603B00E4BCF3 /* libsqlite3.tbd */,
				31F5FFF82A6D602E00E4BCF3 /* libxml2.tbd */,
				31F5FFF62A6D602200E4BCF3 /* libc++.tbd */,
				31F5FFF42A6D601100E4BCF3 /* QuartzCore.framework */,
				31F5FFF22A6D5F6500E4BCF3 /* CoreLocation.framework */,
				31F5FFF02A6D5F5800E4BCF3 /* SystemConfiguration.framework */,
				31F5FFEE2A6D5F2900E4BCF3 /* OpenGLES.framework */,
				317ED7D62A4976C400006F7B /* XCTest.framework */,
				31F500152A6E3B3D00E4BCF3 /* DaumMap.embeddedframework */,
				260699AF00107AD9D89F2B95 /* Pods_ChaeSo.framework */,
			);
			name = Frameworks;
			sourceTree = "<group>";
		};
		31C4B1EF2A54115500BABD62 /* Utility */ = {
			isa = PBXGroup;
			children = (
				31C4B1ED2A54115000BABD62 /* Constants.swift */,
				317ED7D82A498DBE00006F7B /* Extensions.swift */,
			);
			path = Utility;
			sourceTree = "<group>";
		};
		31C4B20A2A55586E00BABD62 /* StartPage */ = {
			isa = PBXGroup;
			children = (
				317ED7B02A49467700006F7B /* StartViewController.swift */,
				317ED7E92A49CF1200006F7B /* StartViewModel.swift */,
			);
			path = StartPage;
			sourceTree = "<group>";
		};
		31C4B20B2A55588700BABD62 /* LoginPage */ = {
			isa = PBXGroup;
			children = (
				317ED7C52A4954F700006F7B /* LoginViewController.swift */,
				317ED7ED2A49D6FB00006F7B /* LoginViewModel.swift */,
			);
			path = LoginPage;
			sourceTree = "<group>";
		};
		31C4B20C2A55589C00BABD62 /* IdLogin&SignUpPage */ = {
			isa = PBXGroup;
			children = (
				31CF47302A61088400A83671 /* IdLoginViewController.swift */,
				317ED7E72A499CFC00006F7B /* SignUpViewController.swift */,
				317ED7EB2A49D67B00006F7B /* SignUpViewModel.swift */,
			);
			path = "IdLogin&SignUpPage";
			sourceTree = "<group>";
		};
		31C4B20D2A5558B000BABD62 /* TabBar */ = {
			isa = PBXGroup;
			children = (
				31C4B1F02A5551EF00BABD62 /* TabBarViewController.swift */,
				31C4B1F22A55520000BABD62 /* TabBarViewModel.swift */,
				31C4B1F42A55520D00BABD62 /* TabBarModel.swift */,
			);
			path = TabBar;
			sourceTree = "<group>";
		};
		31C4B20E2A5558E300BABD62 /* CommunityPage */ = {
			isa = PBXGroup;
			children = (
				3165C2412A7F6C6700421D05 /* WriteChaesoLogView */,
				3165C2332A7F643300421D05 /* CommentView */,
				31C4B1F82A55526C00BABD62 /* CommunityViewController.swift */,
				31C4B1FE2A55531800BABD62 /* CommunityViewModel.swift */,
				31C4B2002A55532300BABD62 /* CommunityModel.swift */,
				3165C22F2A7B72BB00421D05 /* CommunityTableViewCell.swift */,
			);
			path = CommunityPage;
			sourceTree = "<group>";
		};
		31C4B20F2A5558F500BABD62 /* MapPage */ = {
			isa = PBXGroup;
			children = (
				31F500742A70F3DB00E4BCF3 /* VeganStory */,
				31C4B1FA2A55527D00BABD62 /* MapViewController.swift */,
				31C4B2022A55533500BABD62 /* MapViewModel.swift */,
				31C4B2042A55534200BABD62 /* MapModel.swift */,
			);
			path = MapPage;
			sourceTree = "<group>";
		};
		31C4B2102A55590700BABD62 /* MyPage */ = {
			isa = PBXGroup;
			children = (
				31F500632A6E762F00E4BCF3 /* BookmarkView */,
				31C4B1FC2A55529B00BABD62 /* MyPageViewController.swift */,
				31C4B2062A55535800BABD62 /* MyPageViewModel.swift */,
				31C4B2082A55536200BABD62 /* MyPageModel.swift */,
				31C392232A6BEEA8006C9FFE /* MyPageTableViewCell.swift */,
			);
			path = MyPage;
			sourceTree = "<group>";
		};
		31C4B2132A56FCAE00BABD62 /* TosPage */ = {
			isa = PBXGroup;
			children = (
				31C4B2112A56FC7000BABD62 /* TosViewController.swift */,
				31C4B2142A56FCC700BABD62 /* TosViewModel.swift */,
			);
			path = TosPage;
			sourceTree = "<group>";
		};
		31C4B21E2A5AC22D00BABD62 /* NicknamePage */ = {
			isa = PBXGroup;
			children = (
				31C4B21A2A5AA69E00BABD62 /* NicknameViewController.swift */,
				31C4B21C2A5AA6EB00BABD62 /* NicknameViewModel.swift */,
			);
			path = NicknamePage;
			sourceTree = "<group>";
		};
		31CF47252A5AF62000A83671 /* SearchingPage */ = {
			isa = PBXGroup;
			children = (
				31C4B21F2A5AC26200BABD62 /* SearchingViewController.swift */,
				31C4B2212A5AC26F00BABD62 /* SearchingViewModel.swift */,
				31F500602A6E440A00E4BCF3 /* FlowTomato.json */,
			);
			path = SearchingPage;
			sourceTree = "<group>";
		};
		31CF472B2A5AF6AE00A83671 /* VeganPage */ = {
			isa = PBXGroup;
			children = (
				31CF47262A5AF65400A83671 /* VeganViewController.swift */,
				31CF47282A5AF66100A83671 /* VeganViewModel.swift */,
			);
			path = VeganPage;
			sourceTree = "<group>";
		};
		31F500012A6E350400E4BCF3 /* PTCollectionPage */ = {
			isa = PBXGroup;
			children = (
				31C3921D2A658258006C9FFE /* PTCollectionViewController.swift */,
				31C3921F2A658289006C9FFE /* PTCollectionViewModel.swift */,
				31C392212A658C5F006C9FFE /* PTCollectionViewCell.swift */,
			);
			path = PTCollectionPage;
			sourceTree = "<group>";
		};
		31F500152A6E3B3D00E4BCF3 /* DaumMap.embeddedframework */ = {
			isa = PBXGroup;
			children = (
				31F500162A6E3B3D00E4BCF3 /* Resources */,
				31F5003B2A6E3B3D00E4BCF3 /* DaumMap.framework */,
			);
			path = DaumMap.embeddedframework;
			sourceTree = "<group>";
		};
		31F500162A6E3B3D00E4BCF3 /* Resources */ = {
			isa = PBXGroup;
			children = (
				31F500172A6E3B3D00E4BCF3 /* map_pinup_custom@3x.png */,
				31F500182A6E3B3D00E4BCF3 /* map_pin_custom.png */,
				31F500192A6E3B3D00E4BCF3 /* shadow_balloon.png */,
				31F5001A2A6E3B3D00E4BCF3 /* map_pinup.png */,
				31F5001B2A6E3B3D00E4BCF3 /* detail_button.png */,
				31F5001C2A6E3B3D00E4BCF3 /* map_pin_custom@3x.png */,
				31F5001D2A6E3B3D00E4BCF3 /* map_pinup@3x.png */,
				31F5001E2A6E3B3D00E4BCF3 /* map_pin_shadow@3x.png */,
				31F5001F2A6E3B3D00E4BCF3 /* copyright.png */,
				31F500202A6E3B3D00E4BCF3 /* th_line.png */,
				31F500212A6E3B3D00E4BCF3 /* map_pin_red@3x.png */,
				31F500222A6E3B3D00E4BCF3 /* daum_copyright.png */,
				31F500232A6E3B3D00E4BCF3 /* map_pin@3x.png */,
				31F500242A6E3B3D00E4BCF3 /* map_present_tracking.png */,
				31F500252A6E3B3D00E4BCF3 /* map_pin_red.png */,
				31F500262A6E3B3D00E4BCF3 /* Headers */,
				31F5002F2A6E3B3D00E4BCF3 /* info_box.png */,
				31F500302A6E3B3D00E4BCF3 /* point_sprite.png */,
				31F500312A6E3B3D00E4BCF3 /* map_pinup_custom.png */,
				31F500322A6E3B3D00E4BCF3 /* info_box_tail.png */,
				31F500332A6E3B3D00E4BCF3 /* noimage256.png */,
				31F500342A6E3B3D00E4BCF3 /* map_present_direction.png */,
				31F500352A6E3B3D00E4BCF3 /* map_pin.png */,
				31F500362A6E3B3D00E4BCF3 /* map_present.png */,
				31F500372A6E3B3D00E4BCF3 /* noimage.png */,
				31F500382A6E3B3D00E4BCF3 /* map_present_background_update.png */,
				31F500392A6E3B3D00E4BCF3 /* daum_th_line.png */,
				31F5003A2A6E3B3D00E4BCF3 /* map_pin_shadow.png */,
			);
			path = Resources;
			sourceTree = "<group>";
		};
		31F500262A6E3B3D00E4BCF3 /* Headers */ = {
			isa = PBXGroup;
			children = (
				31F500272A6E3B3D00E4BCF3 /* MTMapPOIItem.h */,
				31F500282A6E3B3D00E4BCF3 /* MTMapCameraUpdate.h */,
				31F500292A6E3B3D00E4BCF3 /* MTMapReverseGeoCoder.h */,
				31F5002A2A6E3B3D00E4BCF3 /* MTMapPolyline.h */,
				31F5002B2A6E3B3D00E4BCF3 /* MTMapLocationMarkerItem.h */,
				31F5002C2A6E3B3D00E4BCF3 /* MTMapView.h */,
				31F5002D2A6E3B3D00E4BCF3 /* MTMapGeometry.h */,
				31F5002E2A6E3B3D00E4BCF3 /* MTMapCircle.h */,
			);
			path = Headers;
			sourceTree = "<group>";
		};
		31F500632A6E762F00E4BCF3 /* BookmarkView */ = {
			isa = PBXGroup;
			children = (
				31F5006D2A70049300E4BCF3 /* ChaesoLogView */,
				31F500662A6EB1C700E4BCF3 /* PlaceView */,
				31F500612A6E762900E4BCF3 /* BookmarkView.swift */,
				31F500642A6E764D00E4BCF3 /* BookmarkViewModel.swift */,
				31F500702A7005A500E4BCF3 /* BookmarkTabCell.swift */,
			);
			path = BookmarkView;
			sourceTree = "<group>";
		};
		31F500662A6EB1C700E4BCF3 /* PlaceView */ = {
			isa = PBXGroup;
			children = (
				31F5006B2A70048300E4BCF3 /* PlaceView.swift */,
				31F500722A70DCE500E4BCF3 /* PlaceViewModel.swift */,
				31F500892A72395C00E4BCF3 /* ContentTableViewCell.swift */,
				31F5008B2A72456200E4BCF3 /* ContentTableViewCellModel.swift */,
			);
			path = PlaceView;
			sourceTree = "<group>";
		};
		31F5006D2A70049300E4BCF3 /* ChaesoLogView */ = {
			isa = PBXGroup;
			children = (
				31F5006E2A7004A900E4BCF3 /* ChaesoLogView.swift */,
			);
			path = ChaesoLogView;
			sourceTree = "<group>";
		};
		31F500742A70F3DB00E4BCF3 /* VeganStory */ = {
			isa = PBXGroup;
			children = (
				31F500772A70F61800E4BCF3 /* VSTabView */,
				31F500752A70F3FA00E4BCF3 /* VeganStoryViewController.swift */,
				31F5007E2A70FA3700E4BCF3 /* VeganStoryViewModel.swift */,
			);
			path = VeganStory;
			sourceTree = "<group>";
		};
		31F500772A70F61800E4BCF3 /* VSTabView */ = {
			isa = PBXGroup;
			children = (
				31F500952A73D2BB00E4BCF3 /* WriteReview */,
				31F500822A7101D200E4BCF3 /* ReviewView */,
				31F500812A7101C500E4BCF3 /* MenuView */,
				31F500802A7101BB00E4BCF3 /* InfoView */,
				31F500782A70F65E00E4BCF3 /* VSTabView.swift */,
				31F5007A2A70F69D00E4BCF3 /* VSTabViewModel.swift */,
				31F5007C2A70F6A700E4BCF3 /* VSTabCell.swift */,
			);
			path = VSTabView;
			sourceTree = "<group>";
		};
		31F500802A7101BB00E4BCF3 /* InfoView */ = {
			isa = PBXGroup;
			children = (
				31F500832A7101E000E4BCF3 /* InfoView.swift */,
			);
			path = InfoView;
			sourceTree = "<group>";
		};
		31F500812A7101C500E4BCF3 /* MenuView */ = {
			isa = PBXGroup;
			children = (
				31F500852A7101EA00E4BCF3 /* MenuView.swift */,
			);
			path = MenuView;
			sourceTree = "<group>";
		};
		31F500822A7101D200E4BCF3 /* ReviewView */ = {
			isa = PBXGroup;
			children = (
				31F500972A73D7B600E4BCF3 /* SecondCell */,
				31F500962A73D7AB00E4BCF3 /* FirstCell */,
				31F500872A7101F200E4BCF3 /* ReviewView.swift */,
				31F500932A73D1F200E4BCF3 /* ReviewViewModel.swift */,
			);
			path = ReviewView;
			sourceTree = "<group>";
		};
		31F500952A73D2BB00E4BCF3 /* WriteReview */ = {
			isa = PBXGroup;
			children = (
				31F500982A74CEC600E4BCF3 /* WriteReviewViewController.swift */,
				31F5009A2A74CF7900E4BCF3 /* WriteReviewViewModel.swift */,
				3165C2242A76741100421D05 /* PhotoAddFirstCollectionViewCell.swift */,
				3165C2222A76730E00421D05 /* PhotoAddCollectionViewCell.swift */,
			);
			path = WriteReview;
			sourceTree = "<group>";
		};
		31F500962A73D7AB00E4BCF3 /* FirstCell */ = {
			isa = PBXGroup;
			children = (
				31F5008D2A727DE800E4BCF3 /* RatingTableViewCell.swift */,
			);
			path = FirstCell;
			sourceTree = "<group>";
		};
		31F500972A73D7B600E4BCF3 /* SecondCell */ = {
			isa = PBXGroup;
			children = (
				31F500912A73CFE200E4BCF3 /* PhotoReviewCollectionViewCell.swift */,
				31F5008F2A728F0C00E4BCF3 /* PhotoReviewTableViewCell.swift */,
			);
			path = SecondCell;
			sourceTree = "<group>";
		};
		31F5009F2A74F0A900E4BCF3 /* MainPTCollectionViewPage */ = {
			isa = PBXGroup;
			children = (
				31F500A02A74F0D000E4BCF3 /* MainPTCollectionViewController.swift */,
				31F500A22A74F0F800E4BCF3 /* MainPTCollectionViewModel.swift */,
				31F500A42A74F10600E4BCF3 /* MainPTCollectionViewCell.swift */,
			);
			path = MainPTCollectionViewPage;
			sourceTree = "<group>";
		};
		7DD07D34F486E0D597426205 /* Pods */ = {
			isa = PBXGroup;
			children = (
				EF2B71616B79C7EBBCECF87A /* Pods-ChaeSo.debug.xcconfig */,
				2AF2B425CBDE89AC53475E8C /* Pods-ChaeSo.release.xcconfig */,
			);
			path = Pods;
			sourceTree = "<group>";
		};
/* End PBXGroup section */

/* Begin PBXNativeTarget section */
		317ED7A82A49467700006F7B /* ChaeSo */ = {
			isa = PBXNativeTarget;
			buildConfigurationList = 317ED7BD2A49467800006F7B /* Build configuration list for PBXNativeTarget "ChaeSo" */;
			buildPhases = (
				53A58AC57A6131B67390AA89 /* [CP] Check Pods Manifest.lock */,
				317ED7A52A49467700006F7B /* Sources */,
				317ED7A62A49467700006F7B /* Frameworks */,
				317ED7A72A49467700006F7B /* Resources */,
				BE1DBF4FD471699385D4402C /* [CP] Embed Pods Frameworks */,
			);
			buildRules = (
			);
			dependencies = (
			);
			name = ChaeSo;
			packageProductDependencies = (
				317ED7C12A4946A700006F7B /* SnapKit */,
				317ED7CB2A49567900006F7B /* RxCocoa */,
				317ED7CD2A49567900006F7B /* RxRelay */,
				317ED7CF2A49567900006F7B /* RxSwift */,
				31CF47212A5AC6F000A83671 /* Lottie */,
				31C3920B2A62B992006C9FFE /* RxKakaoSDKAuth */,
				31C3920D2A62B992006C9FFE /* RxKakaoSDKCommon */,
				31C3920F2A62B992006C9FFE /* RxKakaoSDKUser */,
				31C392152A641009006C9FFE /* GoogleSignIn */,
				31C392172A641009006C9FFE /* GoogleSignInSwift */,
				31C392262A6C0976006C9FFE /* RxDataSources */,
				31F5009D2A74E66F00E4BCF3 /* Then */,
			);
			productName = ChaeSo;
			productReference = 317ED7A92A49467700006F7B /* ChaeSo.app */;
			productType = "com.apple.product-type.application";
		};
/* End PBXNativeTarget section */

/* Begin PBXProject section */
		317ED7A12A49467700006F7B /* Project object */ = {
			isa = PBXProject;
			attributes = {
				BuildIndependentTargetsInParallel = 1;
				LastSwiftUpdateCheck = 1400;
				LastUpgradeCheck = 1400;
				TargetAttributes = {
					317ED7A82A49467700006F7B = {
						CreatedOnToolsVersion = 14.0.1;
					};
				};
			};
			buildConfigurationList = 317ED7A42A49467700006F7B /* Build configuration list for PBXProject "ChaeSo" */;
			compatibilityVersion = "Xcode 14.0";
			developmentRegion = en;
			hasScannedForEncodings = 0;
			knownRegions = (
				en,
				Base,
				ko,
			);
			mainGroup = 317ED7A02A49467700006F7B;
			packageReferences = (
				317ED7C02A4946A700006F7B /* XCRemoteSwiftPackageReference "SnapKit" */,
				317ED7C82A49567900006F7B /* XCRemoteSwiftPackageReference "RxSwift" */,
				31CF471D2A5AC5C400A83671 /* XCRemoteSwiftPackageReference "Alamofire" */,
				31CF47202A5AC6F000A83671 /* XCRemoteSwiftPackageReference "lottie-spm" */,
				31C3920A2A62B992006C9FFE /* XCRemoteSwiftPackageReference "kakao-ios-sdk-rx" */,
				31C392142A641009006C9FFE /* XCRemoteSwiftPackageReference "GoogleSignIn-iOS" */,
				31C392252A6C0976006C9FFE /* XCRemoteSwiftPackageReference "RxDataSources" */,
				31F5009C2A74E66F00E4BCF3 /* XCRemoteSwiftPackageReference "Then" */,
			);
			productRefGroup = 317ED7AA2A49467700006F7B /* Products */;
			projectDirPath = "";
			projectRoot = "";
			targets = (
				317ED7A82A49467700006F7B /* ChaeSo */,
			);
		};
/* End PBXProject section */

/* Begin PBXResourcesBuildPhase section */
		317ED7A72A49467700006F7B /* Resources */ = {
			isa = PBXResourcesBuildPhase;
			buildActionMask = 2147483647;
			files = (
				31F5004C2A6E3B3D00E4BCF3 /* point_sprite.png in Resources */,
				31F500472A6E3B3D00E4BCF3 /* daum_copyright.png in Resources */,
				31F500512A6E3B3D00E4BCF3 /* map_pin.png in Resources */,
				31F500422A6E3B3D00E4BCF3 /* map_pinup@3x.png in Resources */,
				31F500402A6E3B3D00E4BCF3 /* detail_button.png in Resources */,
				31F5004B2A6E3B3D00E4BCF3 /* info_box.png in Resources */,
				317ED7C42A49521000006F7B /* Barriecito-Regular.ttf in Resources */,
				31F500522A6E3B3D00E4BCF3 /* map_present.png in Resources */,
				31C4B2192A57EB2F00BABD62 /* Pretendard-Bold.otf in Resources */,
				31F500482A6E3B3D00E4BCF3 /* map_pin@3x.png in Resources */,
				317ED7B92A49467800006F7B /* LaunchScreen.storyboard in Resources */,
				31F500442A6E3B3D00E4BCF3 /* copyright.png in Resources */,
				317ED7E52A49976200006F7B /* Pretendard-Regular.otf in Resources */,
				31F500492A6E3B3D00E4BCF3 /* map_present_tracking.png in Resources */,
				31F5003C2A6E3B3D00E4BCF3 /* map_pinup_custom@3x.png in Resources */,
				31F5004A2A6E3B3D00E4BCF3 /* map_pin_red.png in Resources */,
				31F5003F2A6E3B3D00E4BCF3 /* map_pinup.png in Resources */,
				31F500562A6E3B3D00E4BCF3 /* map_pin_shadow.png in Resources */,
				31F500412A6E3B3D00E4BCF3 /* map_pin_custom@3x.png in Resources */,
				317CDD7D2A4FF6E700F9320B /* Localizable.strings in Resources */,
				31F500452A6E3B3D00E4BCF3 /* th_line.png in Resources */,
				31F5004E2A6E3B3D00E4BCF3 /* info_box_tail.png in Resources */,
				31F5004D2A6E3B3D00E4BCF3 /* map_pinup_custom.png in Resources */,
				317ED7E62A49976200006F7B /* Pretendard-SemiBold.otf in Resources */,
				31F5003D2A6E3B3D00E4BCF3 /* map_pin_custom.png in Resources */,
				31F500552A6E3B3D00E4BCF3 /* daum_th_line.png in Resources */,
				31F5004F2A6E3B3D00E4BCF3 /* noimage256.png in Resources */,
				31F500432A6E3B3D00E4BCF3 /* map_pin_shadow@3x.png in Resources */,
				317ED7B62A49467800006F7B /* Assets.xcassets in Resources */,
				31F500502A6E3B3D00E4BCF3 /* map_present_direction.png in Resources */,
				31F5003E2A6E3B3D00E4BCF3 /* shadow_balloon.png in Resources */,
				31F500542A6E3B3D00E4BCF3 /* map_present_background_update.png in Resources */,
				317ED7E42A49976200006F7B /* Pretendard-Medium.otf in Resources */,
				31F500532A6E3B3D00E4BCF3 /* noimage.png in Resources */,
				31F500462A6E3B3D00E4BCF3 /* map_pin_red@3x.png in Resources */,
			);
			runOnlyForDeploymentPostprocessing = 0;
		};
/* End PBXResourcesBuildPhase section */

/* Begin PBXShellScriptBuildPhase section */
		53A58AC57A6131B67390AA89 /* [CP] Check Pods Manifest.lock */ = {
			isa = PBXShellScriptBuildPhase;
			buildActionMask = 2147483647;
			files = (
			);
			inputFileListPaths = (
			);
			inputPaths = (
				"${PODS_PODFILE_DIR_PATH}/Podfile.lock",
				"${PODS_ROOT}/Manifest.lock",
			);
			name = "[CP] Check Pods Manifest.lock";
			outputFileListPaths = (
			);
			outputPaths = (
				"$(DERIVED_FILE_DIR)/Pods-ChaeSo-checkManifestLockResult.txt",
			);
			runOnlyForDeploymentPostprocessing = 0;
			shellPath = /bin/sh;
			shellScript = "diff \"${PODS_PODFILE_DIR_PATH}/Podfile.lock\" \"${PODS_ROOT}/Manifest.lock\" > /dev/null\nif [ $? != 0 ] ; then\n    # print error to STDERR\n    echo \"error: The sandbox is not in sync with the Podfile.lock. Run 'pod install' or update your CocoaPods installation.\" >&2\n    exit 1\nfi\n# This output is used by Xcode 'outputs' to avoid re-running this script phase.\necho \"SUCCESS\" > \"${SCRIPT_OUTPUT_FILE_0}\"\n";
			showEnvVarsInLog = 0;
		};
		BE1DBF4FD471699385D4402C /* [CP] Embed Pods Frameworks */ = {
			isa = PBXShellScriptBuildPhase;
			buildActionMask = 2147483647;
			files = (
			);
			inputFileListPaths = (
				"${PODS_ROOT}/Target Support Files/Pods-ChaeSo/Pods-ChaeSo-frameworks-${CONFIGURATION}-input-files.xcfilelist",
			);
			name = "[CP] Embed Pods Frameworks";
			outputFileListPaths = (
				"${PODS_ROOT}/Target Support Files/Pods-ChaeSo/Pods-ChaeSo-frameworks-${CONFIGURATION}-output-files.xcfilelist",
			);
			runOnlyForDeploymentPostprocessing = 0;
			shellPath = /bin/sh;
			shellScript = "\"${PODS_ROOT}/Target Support Files/Pods-ChaeSo/Pods-ChaeSo-frameworks.sh\"\n";
			showEnvVarsInLog = 0;
		};
/* End PBXShellScriptBuildPhase section */

/* Begin PBXSourcesBuildPhase section */
		317ED7A52A49467700006F7B /* Sources */ = {
			isa = PBXSourcesBuildPhase;
			buildActionMask = 2147483647;
			files = (
				31C392092A62B06A006C9FFE /* TestViewController.swift in Sources */,
				317ED7D92A498DBE00006F7B /* Extensions.swift in Sources */,
				31F500052A6E353F00E4BCF3 /* KLDocument.swift in Sources */,
				31F5008A2A72395C00E4BCF3 /* ContentTableViewCell.swift in Sources */,
				31C4B2122A56FC7000BABD62 /* TosViewController.swift in Sources */,
				31C4B1FD2A55529B00BABD62 /* MyPageViewController.swift in Sources */,
				317ED7B12A49467700006F7B /* StartViewController.swift in Sources */,
				31F5007F2A70FA3700E4BCF3 /* VeganStoryViewModel.swift in Sources */,
				317ED7F02A4D69CF00006F7B /* Validator.swift in Sources */,
				3165C2272A769AD000421D05 /* AAAAAA.swift in Sources */,
				31F5008C2A72456200E4BCF3 /* ContentTableViewCellModel.swift in Sources */,
				31F5000D2A6E35E200E4BCF3 /* DetailListBackgroundView.swift in Sources */,
				317ED7EC2A49D67B00006F7B /* SignUpViewModel.swift in Sources */,
				317ED7E82A499CFC00006F7B /* SignUpViewController.swift in Sources */,
				31C4B2052A55534200BABD62 /* MapModel.swift in Sources */,
				317ED7AD2A49467700006F7B /* AppDelegate.swift in Sources */,
				31C4B2202A5AC26200BABD62 /* SearchingViewController.swift in Sources */,
				3165C2392A7F647100421D05 /* CommentModel.swift in Sources */,
				31C4B2092A55536200BABD62 /* MyPageModel.swift in Sources */,
				31C4B2072A55535800BABD62 /* MyPageViewModel.swift in Sources */,
				31F5009B2A74CF7900E4BCF3 /* WriteReviewViewModel.swift in Sources */,
				31F500A32A74F0F800E4BCF3 /* MainPTCollectionViewModel.swift in Sources */,
				31F500622A6E762900E4BCF3 /* BookmarkView.swift in Sources */,
				31CF47292A5AF66100A83671 /* VeganViewModel.swift in Sources */,
				317ED7C62A4954F700006F7B /* LoginViewController.swift in Sources */,
				317CDD822A50338100F9320B /* LocalizationManager.swift in Sources */,
				31F500942A73D1F200E4BCF3 /* ReviewViewModel.swift in Sources */,
				3165C2352A7F645B00421D05 /* CommentViewController.swift in Sources */,
				317ED7AF2A49467700006F7B /* SceneDelegate.swift in Sources */,
				31C4B1F52A55520D00BABD62 /* TabBarModel.swift in Sources */,
				31F5007B2A70F69D00E4BCF3 /* VSTabViewModel.swift in Sources */,
				31F500032A6E352F00E4BCF3 /* LocationData.swift in Sources */,
				31F500762A70F3FA00E4BCF3 /* VeganStoryViewController.swift in Sources */,
				31F500072A6E355100E4BCF3 /* DetailListCellData.swift in Sources */,
				31F500002A6E34EE00E4BCF3 /* LocalNetwork.swift in Sources */,
				31CF47272A5AF65400A83671 /* VeganViewController.swift in Sources */,
				31F500842A7101E000E4BCF3 /* InfoView.swift in Sources */,
				31C4B2032A55533500BABD62 /* MapViewModel.swift in Sources */,
				3165C2252A76741100421D05 /* PhotoAddFirstCollectionViewCell.swift in Sources */,
				31F500902A728F0C00E4BCF3 /* PhotoReviewTableViewCell.swift in Sources */,
				31C4B1FF2A55531800BABD62 /* CommunityViewModel.swift in Sources */,
				317ED7EA2A49CF1200006F7B /* StartViewModel.swift in Sources */,
				31F500732A70DCE500E4BCF3 /* PlaceViewModel.swift in Sources */,
				31C4B2222A5AC26F00BABD62 /* SearchingViewModel.swift in Sources */,
				31F5007D2A70F6A700E4BCF3 /* VSTabCell.swift in Sources */,
				3165C2432A7F6C8B00421D05 /* WriteChaesoLogViewController.swift in Sources */,
				31F5008E2A727DE800E4BCF3 /* RatingTableViewCell.swift in Sources */,
				31C4B1F12A5551EF00BABD62 /* TabBarViewController.swift in Sources */,
				3165C2302A7B72BB00421D05 /* CommunityTableViewCell.swift in Sources */,
				3165C2452A7F767B00421D05 /* CommentHeaderView.swift in Sources */,
				31F500992A74CEC600E4BCF3 /* WriteReviewViewController.swift in Sources */,
				31C4B1F92A55526C00BABD62 /* CommunityViewController.swift in Sources */,
				317ED7EE2A49D6FB00006F7B /* LoginViewModel.swift in Sources */,
				31CF47312A61088400A83671 /* IdLoginViewController.swift in Sources */,
				31F500A12A74F0D000E4BCF3 /* MainPTCollectionViewController.swift in Sources */,
				31F5006C2A70048300E4BCF3 /* PlaceView.swift in Sources */,
				31C392202A658289006C9FFE /* PTCollectionViewModel.swift in Sources */,
				31F5000F2A6E35F500E4BCF3 /* DetailListBackgroundViewModel.swift in Sources */,
				31F500922A73CFE200E4BCF3 /* PhotoReviewCollectionViewCell.swift in Sources */,
				31C4B1F32A55520000BABD62 /* TabBarViewModel.swift in Sources */,
				31F500652A6E764D00E4BCF3 /* BookmarkViewModel.swift in Sources */,
				31C4B2012A55532300BABD62 /* CommunityModel.swift in Sources */,
				31F500092A6E356400E4BCF3 /* MTMapViewError.swift in Sources */,
				31C4B2152A56FCC700BABD62 /* TosViewModel.swift in Sources */,
				31C4B21D2A5AA6EB00BABD62 /* NicknameViewModel.swift in Sources */,
				31F500712A7005A500E4BCF3 /* BookmarkTabCell.swift in Sources */,
				3165C2402A7F64DD00421D05 /* CommentTableViewCell.swift in Sources */,
				31F500792A70F65E00E4BCF3 /* VSTabView.swift in Sources */,
				31C4B1EE2A54115000BABD62 /* Constants.swift in Sources */,
				31F5000B2A6E35A700E4BCF3 /* DetailListCell.swift in Sources */,
				31C4B21B2A5AA69E00BABD62 /* NicknameViewController.swift in Sources */,
				31C392242A6BEEA8006C9FFE /* MyPageTableViewCell.swift in Sources */,
				31C4B1FB2A55527D00BABD62 /* MapViewController.swift in Sources */,
				3165C2232A76730E00421D05 /* PhotoAddCollectionViewCell.swift in Sources */,
				3165C2372A7F646600421D05 /* CommentViewModel.swift in Sources */,
				31C392222A658C5F006C9FFE /* PTCollectionViewCell.swift in Sources */,
				31F500882A7101F200E4BCF3 /* ReviewView.swift in Sources */,
				31C3921E2A658258006C9FFE /* PTCollectionViewController.swift in Sources */,
				31F5FFFE2A6E34D300E4BCF3 /* LocalAPI.swift in Sources */,
				31F5006F2A7004A900E4BCF3 /* ChaesoLogView.swift in Sources */,
				31F500A52A74F10600E4BCF3 /* MainPTCollectionViewCell.swift in Sources */,
				31CF472D2A5BEED300A83671 /* UserInfo.swift in Sources */,
				31F500862A7101EA00E4BCF3 /* MenuView.swift in Sources */,
			);
			runOnlyForDeploymentPostprocessing = 0;
		};
/* End PBXSourcesBuildPhase section */

/* Begin PBXVariantGroup section */
		317CDD7F2A4FF6E700F9320B /* Localizable.strings */ = {
			isa = PBXVariantGroup;
			children = (
				317CDD7E2A4FF6E700F9320B /* en */,
				317CDD802A4FF6F100F9320B /* ko */,
			);
			name = Localizable.strings;
			sourceTree = "<group>";
		};
		317ED7B72A49467800006F7B /* LaunchScreen.storyboard */ = {
			isa = PBXVariantGroup;
			children = (
				317ED7B82A49467800006F7B /* Base */,
				317CDD7C2A4FF6C400F9320B /* ko */,
			);
			name = LaunchScreen.storyboard;
			sourceTree = "<group>";
		};
/* End PBXVariantGroup section */

/* Begin XCBuildConfiguration section */
		317ED7BB2A49467800006F7B /* Debug */ = {
			isa = XCBuildConfiguration;
			baseConfigurationReference = 31C392112A62CD99006C9FFE /* Config.xcconfig */;
			buildSettings = {
				ALWAYS_SEARCH_USER_PATHS = NO;
				CLANG_ANALYZER_LOCALIZABILITY_NONLOCALIZED = YES;
				CLANG_ANALYZER_NONNULL = YES;
				CLANG_ANALYZER_NUMBER_OBJECT_CONVERSION = YES_AGGRESSIVE;
				CLANG_CXX_LANGUAGE_STANDARD = "gnu++20";
				CLANG_ENABLE_MODULES = YES;
				CLANG_ENABLE_OBJC_ARC = NO;
				CLANG_ENABLE_OBJC_WEAK = YES;
				CLANG_WARN_BLOCK_CAPTURE_AUTORELEASING = YES;
				CLANG_WARN_BOOL_CONVERSION = YES;
				CLANG_WARN_COMMA = YES;
				CLANG_WARN_CONSTANT_CONVERSION = YES;
				CLANG_WARN_DEPRECATED_OBJC_IMPLEMENTATIONS = YES;
				CLANG_WARN_DIRECT_OBJC_ISA_USAGE = YES_ERROR;
				CLANG_WARN_DOCUMENTATION_COMMENTS = YES;
				CLANG_WARN_EMPTY_BODY = YES;
				CLANG_WARN_ENUM_CONVERSION = YES;
				CLANG_WARN_INFINITE_RECURSION = YES;
				CLANG_WARN_INT_CONVERSION = YES;
				CLANG_WARN_NON_LITERAL_NULL_CONVERSION = YES;
				CLANG_WARN_OBJC_IMPLICIT_RETAIN_SELF = YES;
				CLANG_WARN_OBJC_LITERAL_CONVERSION = YES;
				CLANG_WARN_OBJC_ROOT_CLASS = YES_ERROR;
				CLANG_WARN_QUOTED_INCLUDE_IN_FRAMEWORK_HEADER = YES;
				CLANG_WARN_RANGE_LOOP_ANALYSIS = YES;
				CLANG_WARN_STRICT_PROTOTYPES = YES;
				CLANG_WARN_SUSPICIOUS_MOVE = YES;
				CLANG_WARN_UNGUARDED_AVAILABILITY = YES_AGGRESSIVE;
				CLANG_WARN_UNREACHABLE_CODE = YES;
				CLANG_WARN__DUPLICATE_METHOD_MATCH = YES;
				COPY_PHASE_STRIP = NO;
				DEBUG_INFORMATION_FORMAT = dwarf;
				ENABLE_STRICT_OBJC_MSGSEND = YES;
				ENABLE_TESTABILITY = YES;
				GCC_C_LANGUAGE_STANDARD = gnu11;
				GCC_DYNAMIC_NO_PIC = NO;
				GCC_NO_COMMON_BLOCKS = YES;
				GCC_OPTIMIZATION_LEVEL = 0;
				GCC_PREPROCESSOR_DEFINITIONS = (
					"DEBUG=1",
					"$(inherited)",
				);
				GCC_WARN_64_TO_32_BIT_CONVERSION = YES;
				GCC_WARN_ABOUT_RETURN_TYPE = YES_ERROR;
				GCC_WARN_UNDECLARED_SELECTOR = YES;
				GCC_WARN_UNINITIALIZED_AUTOS = YES_AGGRESSIVE;
				GCC_WARN_UNUSED_FUNCTION = YES;
				GCC_WARN_UNUSED_VARIABLE = YES;
				IPHONEOS_DEPLOYMENT_TARGET = 16.0;
				MTL_ENABLE_DEBUG_INFO = INCLUDE_SOURCE;
				MTL_FAST_MATH = YES;
				ONLY_ACTIVE_ARCH = YES;
				SDKROOT = iphoneos;
				SWIFT_ACTIVE_COMPILATION_CONDITIONS = DEBUG;
				SWIFT_OPTIMIZATION_LEVEL = "-Onone";
			};
			name = Debug;
		};
		317ED7BC2A49467800006F7B /* Release */ = {
			isa = XCBuildConfiguration;
			baseConfigurationReference = 31C392112A62CD99006C9FFE /* Config.xcconfig */;
			buildSettings = {
				ALWAYS_SEARCH_USER_PATHS = NO;
				CLANG_ANALYZER_LOCALIZABILITY_NONLOCALIZED = YES;
				CLANG_ANALYZER_NONNULL = YES;
				CLANG_ANALYZER_NUMBER_OBJECT_CONVERSION = YES_AGGRESSIVE;
				CLANG_CXX_LANGUAGE_STANDARD = "gnu++20";
				CLANG_ENABLE_MODULES = YES;
				CLANG_ENABLE_OBJC_ARC = NO;
				CLANG_ENABLE_OBJC_WEAK = YES;
				CLANG_WARN_BLOCK_CAPTURE_AUTORELEASING = YES;
				CLANG_WARN_BOOL_CONVERSION = YES;
				CLANG_WARN_COMMA = YES;
				CLANG_WARN_CONSTANT_CONVERSION = YES;
				CLANG_WARN_DEPRECATED_OBJC_IMPLEMENTATIONS = YES;
				CLANG_WARN_DIRECT_OBJC_ISA_USAGE = YES_ERROR;
				CLANG_WARN_DOCUMENTATION_COMMENTS = YES;
				CLANG_WARN_EMPTY_BODY = YES;
				CLANG_WARN_ENUM_CONVERSION = YES;
				CLANG_WARN_INFINITE_RECURSION = YES;
				CLANG_WARN_INT_CONVERSION = YES;
				CLANG_WARN_NON_LITERAL_NULL_CONVERSION = YES;
				CLANG_WARN_OBJC_IMPLICIT_RETAIN_SELF = YES;
				CLANG_WARN_OBJC_LITERAL_CONVERSION = YES;
				CLANG_WARN_OBJC_ROOT_CLASS = YES_ERROR;
				CLANG_WARN_QUOTED_INCLUDE_IN_FRAMEWORK_HEADER = YES;
				CLANG_WARN_RANGE_LOOP_ANALYSIS = YES;
				CLANG_WARN_STRICT_PROTOTYPES = YES;
				CLANG_WARN_SUSPICIOUS_MOVE = YES;
				CLANG_WARN_UNGUARDED_AVAILABILITY = YES_AGGRESSIVE;
				CLANG_WARN_UNREACHABLE_CODE = YES;
				CLANG_WARN__DUPLICATE_METHOD_MATCH = YES;
				COPY_PHASE_STRIP = NO;
				DEBUG_INFORMATION_FORMAT = "dwarf-with-dsym";
				ENABLE_NS_ASSERTIONS = NO;
				ENABLE_STRICT_OBJC_MSGSEND = YES;
				GCC_C_LANGUAGE_STANDARD = gnu11;
				GCC_NO_COMMON_BLOCKS = YES;
				GCC_WARN_64_TO_32_BIT_CONVERSION = YES;
				GCC_WARN_ABOUT_RETURN_TYPE = YES_ERROR;
				GCC_WARN_UNDECLARED_SELECTOR = YES;
				GCC_WARN_UNINITIALIZED_AUTOS = YES_AGGRESSIVE;
				GCC_WARN_UNUSED_FUNCTION = YES;
				GCC_WARN_UNUSED_VARIABLE = YES;
				IPHONEOS_DEPLOYMENT_TARGET = 16.0;
				MTL_ENABLE_DEBUG_INFO = NO;
				MTL_FAST_MATH = YES;
				SDKROOT = iphoneos;
				SWIFT_COMPILATION_MODE = wholemodule;
				SWIFT_OPTIMIZATION_LEVEL = "-O";
				VALIDATE_PRODUCT = YES;
			};
			name = Release;
		};
		317ED7BE2A49467800006F7B /* Debug */ = {
			isa = XCBuildConfiguration;
			baseConfigurationReference = EF2B71616B79C7EBBCECF87A /* Pods-ChaeSo.debug.xcconfig */;
			buildSettings = {
				ASSETCATALOG_COMPILER_APPICON_NAME = AppIcon;
				ASSETCATALOG_COMPILER_GLOBAL_ACCENT_COLOR_NAME = AccentColor;
				CODE_SIGN_ENTITLEMENTS = ChaeSo/ChaeSo.entitlements;
				CODE_SIGN_STYLE = Automatic;
				CURRENT_PROJECT_VERSION = 1;
				DEVELOPMENT_TEAM = 9A5MT7L34S;
				FRAMEWORK_SEARCH_PATHS = (
					"$(inherited)",
					"$(PROJECT_DIR)/DaumMap.embeddedframework",
				);
				GENERATE_INFOPLIST_FILE = YES;
				INFOPLIST_FILE = ChaeSo/Info.plist;
				INFOPLIST_KEY_LSApplicationCategoryType = "\"\"";
				INFOPLIST_KEY_UIApplicationSupportsIndirectInputEvents = YES;
				INFOPLIST_KEY_UILaunchStoryboardName = LaunchScreen;
				INFOPLIST_KEY_UISupportedInterfaceOrientations_iPad = "UIInterfaceOrientationPortrait UIInterfaceOrientationPortraitUpsideDown UIInterfaceOrientationLandscapeLeft UIInterfaceOrientationLandscapeRight";
				INFOPLIST_KEY_UISupportedInterfaceOrientations_iPhone = "UIInterfaceOrientationPortrait UIInterfaceOrientationLandscapeLeft UIInterfaceOrientationLandscapeRight";
				LD_RUNPATH_SEARCH_PATHS = (
					"$(inherited)",
					"@executable_path/Frameworks",
				);
				MARKETING_VERSION = 1.0;
				PRODUCT_BUNDLE_IDENTIFIER = jungsun.ChaeSo;
				PRODUCT_NAME = "$(TARGET_NAME)";
				SWIFT_EMIT_LOC_STRINGS = YES;
				SWIFT_OBJC_BRIDGING_HEADER = /Users/pjs1997/Desktop/ChaeSo/ChaeSo/BridgingHeader.h;
				SWIFT_VERSION = 5.0;
				TARGETED_DEVICE_FAMILY = "1,2";
			};
			name = Debug;
		};
		317ED7BF2A49467800006F7B /* Release */ = {
			isa = XCBuildConfiguration;
			baseConfigurationReference = 2AF2B425CBDE89AC53475E8C /* Pods-ChaeSo.release.xcconfig */;
			buildSettings = {
				ASSETCATALOG_COMPILER_APPICON_NAME = AppIcon;
				ASSETCATALOG_COMPILER_GLOBAL_ACCENT_COLOR_NAME = AccentColor;
				CODE_SIGN_ENTITLEMENTS = ChaeSo/ChaeSo.entitlements;
				CODE_SIGN_STYLE = Automatic;
				CURRENT_PROJECT_VERSION = 1;
				DEVELOPMENT_TEAM = 9A5MT7L34S;
				FRAMEWORK_SEARCH_PATHS = (
					"$(inherited)",
					"$(PROJECT_DIR)/DaumMap.embeddedframework",
				);
				GENERATE_INFOPLIST_FILE = YES;
				INFOPLIST_FILE = ChaeSo/Info.plist;
				INFOPLIST_KEY_LSApplicationCategoryType = "\"\"";
				INFOPLIST_KEY_UIApplicationSupportsIndirectInputEvents = YES;
				INFOPLIST_KEY_UILaunchStoryboardName = LaunchScreen;
				INFOPLIST_KEY_UISupportedInterfaceOrientations_iPad = "UIInterfaceOrientationPortrait UIInterfaceOrientationPortraitUpsideDown UIInterfaceOrientationLandscapeLeft UIInterfaceOrientationLandscapeRight";
				INFOPLIST_KEY_UISupportedInterfaceOrientations_iPhone = "UIInterfaceOrientationPortrait UIInterfaceOrientationLandscapeLeft UIInterfaceOrientationLandscapeRight";
				LD_RUNPATH_SEARCH_PATHS = (
					"$(inherited)",
					"@executable_path/Frameworks",
				);
				MARKETING_VERSION = 1.0;
				PRODUCT_BUNDLE_IDENTIFIER = jungsun.ChaeSo;
				PRODUCT_NAME = "$(TARGET_NAME)";
				SWIFT_EMIT_LOC_STRINGS = YES;
				SWIFT_OBJC_BRIDGING_HEADER = /Users/pjs1997/Desktop/ChaeSo/ChaeSo/BridgingHeader.h;
				SWIFT_VERSION = 5.0;
				TARGETED_DEVICE_FAMILY = "1,2";
			};
			name = Release;
		};
/* End XCBuildConfiguration section */

/* Begin XCConfigurationList section */
		317ED7A42A49467700006F7B /* Build configuration list for PBXProject "ChaeSo" */ = {
			isa = XCConfigurationList;
			buildConfigurations = (
				317ED7BB2A49467800006F7B /* Debug */,
				317ED7BC2A49467800006F7B /* Release */,
			);
			defaultConfigurationIsVisible = 0;
			defaultConfigurationName = Release;
		};
		317ED7BD2A49467800006F7B /* Build configuration list for PBXNativeTarget "ChaeSo" */ = {
			isa = XCConfigurationList;
			buildConfigurations = (
				317ED7BE2A49467800006F7B /* Debug */,
				317ED7BF2A49467800006F7B /* Release */,
			);
			defaultConfigurationIsVisible = 0;
			defaultConfigurationName = Release;
		};
/* End XCConfigurationList section */

/* Begin XCRemoteSwiftPackageReference section */
		317ED7C02A4946A700006F7B /* XCRemoteSwiftPackageReference "SnapKit" */ = {
			isa = XCRemoteSwiftPackageReference;
			repositoryURL = "https://github.com/SnapKit/SnapKit.git";
			requirement = {
				kind = upToNextMajorVersion;
				minimumVersion = 5.0.1;
			};
		};
		317ED7C82A49567900006F7B /* XCRemoteSwiftPackageReference "RxSwift" */ = {
			isa = XCRemoteSwiftPackageReference;
			repositoryURL = "https://github.com/ReactiveX/RxSwift.git";
			requirement = {
				kind = upToNextMajorVersion;
				minimumVersion = 6.6.0;
			};
		};
		31C3920A2A62B992006C9FFE /* XCRemoteSwiftPackageReference "kakao-ios-sdk-rx" */ = {
			isa = XCRemoteSwiftPackageReference;
			repositoryURL = "https://github.com/kakao/kakao-ios-sdk-rx";
			requirement = {
				branch = master;
				kind = branch;
			};
		};
		31C392142A641009006C9FFE /* XCRemoteSwiftPackageReference "GoogleSignIn-iOS" */ = {
			isa = XCRemoteSwiftPackageReference;
			repositoryURL = "https://github.com/google/GoogleSignIn-iOS";
			requirement = {
				branch = main;
				kind = branch;
			};
		};
		31C392252A6C0976006C9FFE /* XCRemoteSwiftPackageReference "RxDataSources" */ = {
			isa = XCRemoteSwiftPackageReference;
			repositoryURL = "https://github.com/RxSwiftCommunity/RxDataSources.git";
			requirement = {
				kind = upToNextMajorVersion;
				minimumVersion = 5.0.0;
			};
		};
		31CF471D2A5AC5C400A83671 /* XCRemoteSwiftPackageReference "Alamofire" */ = {
			isa = XCRemoteSwiftPackageReference;
			repositoryURL = "https://github.com/Alamofire/Alamofire.git";
			requirement = {
				kind = upToNextMajorVersion;
				minimumVersion = 5.6.4;
			};
		};
		31CF47202A5AC6F000A83671 /* XCRemoteSwiftPackageReference "lottie-spm" */ = {
			isa = XCRemoteSwiftPackageReference;
			repositoryURL = "https://github.com/airbnb/lottie-spm.git";
			requirement = {
				kind = upToNextMajorVersion;
				minimumVersion = 4.2.0;
			};
		};
		31F5009C2A74E66F00E4BCF3 /* XCRemoteSwiftPackageReference "Then" */ = {
			isa = XCRemoteSwiftPackageReference;
			repositoryURL = "https://github.com/devxoul/Then";
			requirement = {
				branch = master;
				kind = branch;
			};
		};
/* End XCRemoteSwiftPackageReference section */

/* Begin XCSwiftPackageProductDependency section */
		317ED7C12A4946A700006F7B /* SnapKit */ = {
			isa = XCSwiftPackageProductDependency;
			package = 317ED7C02A4946A700006F7B /* XCRemoteSwiftPackageReference "SnapKit" */;
			productName = SnapKit;
		};
		317ED7CB2A49567900006F7B /* RxCocoa */ = {
			isa = XCSwiftPackageProductDependency;
			package = 317ED7C82A49567900006F7B /* XCRemoteSwiftPackageReference "RxSwift" */;
			productName = RxCocoa;
		};
		317ED7CD2A49567900006F7B /* RxRelay */ = {
			isa = XCSwiftPackageProductDependency;
			package = 317ED7C82A49567900006F7B /* XCRemoteSwiftPackageReference "RxSwift" */;
			productName = RxRelay;
		};
		317ED7CF2A49567900006F7B /* RxSwift */ = {
			isa = XCSwiftPackageProductDependency;
			package = 317ED7C82A49567900006F7B /* XCRemoteSwiftPackageReference "RxSwift" */;
			productName = RxSwift;
		};
		31C3920B2A62B992006C9FFE /* RxKakaoSDKAuth */ = {
			isa = XCSwiftPackageProductDependency;
			package = 31C3920A2A62B992006C9FFE /* XCRemoteSwiftPackageReference "kakao-ios-sdk-rx" */;
			productName = RxKakaoSDKAuth;
		};
		31C3920D2A62B992006C9FFE /* RxKakaoSDKCommon */ = {
			isa = XCSwiftPackageProductDependency;
			package = 31C3920A2A62B992006C9FFE /* XCRemoteSwiftPackageReference "kakao-ios-sdk-rx" */;
			productName = RxKakaoSDKCommon;
		};
		31C3920F2A62B992006C9FFE /* RxKakaoSDKUser */ = {
			isa = XCSwiftPackageProductDependency;
			package = 31C3920A2A62B992006C9FFE /* XCRemoteSwiftPackageReference "kakao-ios-sdk-rx" */;
			productName = RxKakaoSDKUser;
		};
		31C392152A641009006C9FFE /* GoogleSignIn */ = {
			isa = XCSwiftPackageProductDependency;
			package = 31C392142A641009006C9FFE /* XCRemoteSwiftPackageReference "GoogleSignIn-iOS" */;
			productName = GoogleSignIn;
		};
		31C392172A641009006C9FFE /* GoogleSignInSwift */ = {
			isa = XCSwiftPackageProductDependency;
			package = 31C392142A641009006C9FFE /* XCRemoteSwiftPackageReference "GoogleSignIn-iOS" */;
			productName = GoogleSignInSwift;
		};
		31C392262A6C0976006C9FFE /* RxDataSources */ = {
			isa = XCSwiftPackageProductDependency;
			package = 31C392252A6C0976006C9FFE /* XCRemoteSwiftPackageReference "RxDataSources" */;
			productName = RxDataSources;
		};
		31CF47212A5AC6F000A83671 /* Lottie */ = {
			isa = XCSwiftPackageProductDependency;
			package = 31CF47202A5AC6F000A83671 /* XCRemoteSwiftPackageReference "lottie-spm" */;
			productName = Lottie;
		};
		31F5009D2A74E66F00E4BCF3 /* Then */ = {
			isa = XCSwiftPackageProductDependency;
			package = 31F5009C2A74E66F00E4BCF3 /* XCRemoteSwiftPackageReference "Then" */;
			productName = Then;
		};
/* End XCSwiftPackageProductDependency section */
	};
	rootObject = 317ED7A12A49467700006F7B /* Project object */;
}
