// !$*UTF8*$!
{
	archiveVersion = 1;
	classes = {
	};
	objectVersion = 56;
	objects = {

/* Begin PBXBuildFile section */
		317CDD7D2A4FF6E700F9320B /* Localizable.strings in Resources */ = {isa = PBXBuildFile; fileRef = 317CDD7F2A4FF6E700F9320B /* Localizable.strings */; };
		317CDD822A50338100F9320B /* LocalizationManager.swift in Sources */ = {isa = PBXBuildFile; fileRef = 317CDD812A50338100F9320B /* LocalizationManager.swift */; };
		317ED7AD2A49467700006F7B /* AppDelegate.swift in Sources */ = {isa = PBXBuildFile; fileRef = 317ED7AC2A49467700006F7B /* AppDelegate.swift */; };
		317ED7AF2A49467700006F7B /* SceneDelegate.swift in Sources */ = {isa = PBXBuildFile; fileRef = 317ED7AE2A49467700006F7B /* SceneDelegate.swift */; };
		317ED7B12A49467700006F7B /* StartViewController.swift in Sources */ = {isa = PBXBuildFile; fileRef = 317ED7B02A49467700006F7B /* StartViewController.swift */; };
		317ED7B62A49467800006F7B /* Assets.xcassets in Resources */ = {isa = PBXBuildFile; fileRef = 317ED7B52A49467800006F7B /* Assets.xcassets */; };
		317ED7B92A49467800006F7B /* LaunchScreen.storyboard in Resources */ = {isa = PBXBuildFile; fileRef = 317ED7B72A49467800006F7B /* LaunchScreen.storyboard */; };
		317ED7C22A4946A700006F7B /* SnapKit in Frameworks */ = {isa = PBXBuildFile; productRef = 317ED7C12A4946A700006F7B /* SnapKit */; };
		317ED7C42A49521000006F7B /* Barriecito-Regular.ttf in Resources */ = {isa = PBXBuildFile; fileRef = 317ED7C32A49521000006F7B /* Barriecito-Regular.ttf */; };
		317ED7C62A4954F700006F7B /* LoginViewController.swift in Sources */ = {isa = PBXBuildFile; fileRef = 317ED7C52A4954F700006F7B /* LoginViewController.swift */; };
		317ED7CC2A49567900006F7B /* RxCocoa in Frameworks */ = {isa = PBXBuildFile; productRef = 317ED7CB2A49567900006F7B /* RxCocoa */; };
		317ED7CE2A49567900006F7B /* RxRelay in Frameworks */ = {isa = PBXBuildFile; productRef = 317ED7CD2A49567900006F7B /* RxRelay */; };
		317ED7D02A49567900006F7B /* RxSwift in Frameworks */ = {isa = PBXBuildFile; productRef = 317ED7CF2A49567900006F7B /* RxSwift */; };
		317ED7D92A498DBE00006F7B /* Extensions.swift in Sources */ = {isa = PBXBuildFile; fileRef = 317ED7D82A498DBE00006F7B /* Extensions.swift */; };
		317ED7E42A49976200006F7B /* Pretendard-Medium.otf in Resources */ = {isa = PBXBuildFile; fileRef = 317ED7E12A49976200006F7B /* Pretendard-Medium.otf */; };
		317ED7E52A49976200006F7B /* Pretendard-Regular.otf in Resources */ = {isa = PBXBuildFile; fileRef = 317ED7E22A49976200006F7B /* Pretendard-Regular.otf */; };
		317ED7E62A49976200006F7B /* Pretendard-SemiBold.otf in Resources */ = {isa = PBXBuildFile; fileRef = 317ED7E32A49976200006F7B /* Pretendard-SemiBold.otf */; };
		317ED7E82A499CFC00006F7B /* SignUpViewController.swift in Sources */ = {isa = PBXBuildFile; fileRef = 317ED7E72A499CFC00006F7B /* SignUpViewController.swift */; };
		317ED7EA2A49CF1200006F7B /* StartViewModel.swift in Sources */ = {isa = PBXBuildFile; fileRef = 317ED7E92A49CF1200006F7B /* StartViewModel.swift */; };
		317ED7EC2A49D67B00006F7B /* SignUpViewModel.swift in Sources */ = {isa = PBXBuildFile; fileRef = 317ED7EB2A49D67B00006F7B /* SignUpViewModel.swift */; };
		317ED7EE2A49D6FB00006F7B /* LoginViewModel.swift in Sources */ = {isa = PBXBuildFile; fileRef = 317ED7ED2A49D6FB00006F7B /* LoginViewModel.swift */; };
		317ED7F02A4D69CF00006F7B /* Validator.swift in Sources */ = {isa = PBXBuildFile; fileRef = 317ED7EF2A4D69CF00006F7B /* Validator.swift */; };
		31C4B1EE2A54115000BABD62 /* Constants.swift in Sources */ = {isa = PBXBuildFile; fileRef = 31C4B1ED2A54115000BABD62 /* Constants.swift */; };
		31C4B1F12A5551EF00BABD62 /* TabBarViewController.swift in Sources */ = {isa = PBXBuildFile; fileRef = 31C4B1F02A5551EF00BABD62 /* TabBarViewController.swift */; };
		31C4B1F32A55520000BABD62 /* TabBarViewModel.swift in Sources */ = {isa = PBXBuildFile; fileRef = 31C4B1F22A55520000BABD62 /* TabBarViewModel.swift */; };
		31C4B1F52A55520D00BABD62 /* TabBarModel.swift in Sources */ = {isa = PBXBuildFile; fileRef = 31C4B1F42A55520D00BABD62 /* TabBarModel.swift */; };
		31C4B1F92A55526C00BABD62 /* CommunityViewController.swift in Sources */ = {isa = PBXBuildFile; fileRef = 31C4B1F82A55526C00BABD62 /* CommunityViewController.swift */; };
		31C4B1FB2A55527D00BABD62 /* MapViewController.swift in Sources */ = {isa = PBXBuildFile; fileRef = 31C4B1FA2A55527D00BABD62 /* MapViewController.swift */; };
		31C4B1FD2A55529B00BABD62 /* MyPageViewController.swift in Sources */ = {isa = PBXBuildFile; fileRef = 31C4B1FC2A55529B00BABD62 /* MyPageViewController.swift */; };
		31C4B1FF2A55531800BABD62 /* CommunityViewModel.swift in Sources */ = {isa = PBXBuildFile; fileRef = 31C4B1FE2A55531800BABD62 /* CommunityViewModel.swift */; };
		31C4B2012A55532300BABD62 /* CommunityModel.swift in Sources */ = {isa = PBXBuildFile; fileRef = 31C4B2002A55532300BABD62 /* CommunityModel.swift */; };
		31C4B2032A55533500BABD62 /* MapViewModel.swift in Sources */ = {isa = PBXBuildFile; fileRef = 31C4B2022A55533500BABD62 /* MapViewModel.swift */; };
		31C4B2052A55534200BABD62 /* MapModel.swift in Sources */ = {isa = PBXBuildFile; fileRef = 31C4B2042A55534200BABD62 /* MapModel.swift */; };
		31C4B2072A55535800BABD62 /* MyPageViewModel.swift in Sources */ = {isa = PBXBuildFile; fileRef = 31C4B2062A55535800BABD62 /* MyPageViewModel.swift */; };
		31C4B2092A55536200BABD62 /* MyPageModel.swift in Sources */ = {isa = PBXBuildFile; fileRef = 31C4B2082A55536200BABD62 /* MyPageModel.swift */; };
		31C4B2122A56FC7000BABD62 /* TosViewController.swift in Sources */ = {isa = PBXBuildFile; fileRef = 31C4B2112A56FC7000BABD62 /* TosViewController.swift */; };
		31C4B2152A56FCC700BABD62 /* TosViewModel.swift in Sources */ = {isa = PBXBuildFile; fileRef = 31C4B2142A56FCC700BABD62 /* TosViewModel.swift */; };
		31C4B2192A57EB2F00BABD62 /* Pretendard-Bold.otf in Resources */ = {isa = PBXBuildFile; fileRef = 31C4B2182A57EB2F00BABD62 /* Pretendard-Bold.otf */; };
		31C4B21B2A5AA69E00BABD62 /* NicknameViewController.swift in Sources */ = {isa = PBXBuildFile; fileRef = 31C4B21A2A5AA69E00BABD62 /* NicknameViewController.swift */; };
		31C4B21D2A5AA6EB00BABD62 /* NicknameViewModel.swift in Sources */ = {isa = PBXBuildFile; fileRef = 31C4B21C2A5AA6EB00BABD62 /* NicknameViewModel.swift */; };
		31C4B2202A5AC26200BABD62 /* SearchingViewController.swift in Sources */ = {isa = PBXBuildFile; fileRef = 31C4B21F2A5AC26200BABD62 /* SearchingViewController.swift */; };
		31C4B2222A5AC26F00BABD62 /* SearchingViewModel.swift in Sources */ = {isa = PBXBuildFile; fileRef = 31C4B2212A5AC26F00BABD62 /* SearchingViewModel.swift */; };
		31CF471F2A5AC5C400A83671 /* Alamofire in Frameworks */ = {isa = PBXBuildFile; productRef = 31CF471E2A5AC5C400A83671 /* Alamofire */; };
		31CF47222A5AC6F000A83671 /* Lottie in Frameworks */ = {isa = PBXBuildFile; productRef = 31CF47212A5AC6F000A83671 /* Lottie */; };
		31CF47272A5AF65400A83671 /* VeganViewController.swift in Sources */ = {isa = PBXBuildFile; fileRef = 31CF47262A5AF65400A83671 /* VeganViewController.swift */; };
		31CF47292A5AF66100A83671 /* VeganViewModel.swift in Sources */ = {isa = PBXBuildFile; fileRef = 31CF47282A5AF66100A83671 /* VeganViewModel.swift */; };
		31CF472D2A5BEED300A83671 /* UserInfo.swift in Sources */ = {isa = PBXBuildFile; fileRef = 31CF472C2A5BEED300A83671 /* UserInfo.swift */; };
		9DD1241800024D2E325F256A /* Pods_ChaeSo.framework in Frameworks */ = {isa = PBXBuildFile; fileRef = 260699AF00107AD9D89F2B95 /* Pods_ChaeSo.framework */; };
/* End PBXBuildFile section */

/* Begin PBXFileReference section */
		260699AF00107AD9D89F2B95 /* Pods_ChaeSo.framework */ = {isa = PBXFileReference; explicitFileType = wrapper.framework; includeInIndex = 0; path = Pods_ChaeSo.framework; sourceTree = BUILT_PRODUCTS_DIR; };
		2AF2B425CBDE89AC53475E8C /* Pods-ChaeSo.release.xcconfig */ = {isa = PBXFileReference; includeInIndex = 1; lastKnownFileType = text.xcconfig; name = "Pods-ChaeSo.release.xcconfig"; path = "Target Support Files/Pods-ChaeSo/Pods-ChaeSo.release.xcconfig"; sourceTree = "<group>"; };
		317CDD7C2A4FF6C400F9320B /* ko */ = {isa = PBXFileReference; lastKnownFileType = text.plist.strings; name = ko; path = ko.lproj/LaunchScreen.strings; sourceTree = "<group>"; };
		317CDD7E2A4FF6E700F9320B /* en */ = {isa = PBXFileReference; lastKnownFileType = text.plist.strings; name = en; path = en.lproj/Localizable.strings; sourceTree = "<group>"; };
		317CDD802A4FF6F100F9320B /* ko */ = {isa = PBXFileReference; lastKnownFileType = text.plist.strings; name = ko; path = ko.lproj/Localizable.strings; sourceTree = "<group>"; };
		317CDD812A50338100F9320B /* LocalizationManager.swift */ = {isa = PBXFileReference; lastKnownFileType = sourcecode.swift; path = LocalizationManager.swift; sourceTree = "<group>"; };
		317ED7A92A49467700006F7B /* ChaeSo.app */ = {isa = PBXFileReference; explicitFileType = wrapper.application; includeInIndex = 0; path = ChaeSo.app; sourceTree = BUILT_PRODUCTS_DIR; };
		317ED7AC2A49467700006F7B /* AppDelegate.swift */ = {isa = PBXFileReference; lastKnownFileType = sourcecode.swift; path = AppDelegate.swift; sourceTree = "<group>"; };
		317ED7AE2A49467700006F7B /* SceneDelegate.swift */ = {isa = PBXFileReference; lastKnownFileType = sourcecode.swift; path = SceneDelegate.swift; sourceTree = "<group>"; };
		317ED7B02A49467700006F7B /* StartViewController.swift */ = {isa = PBXFileReference; lastKnownFileType = sourcecode.swift; path = StartViewController.swift; sourceTree = "<group>"; };
		317ED7B52A49467800006F7B /* Assets.xcassets */ = {isa = PBXFileReference; lastKnownFileType = folder.assetcatalog; path = Assets.xcassets; sourceTree = "<group>"; };
		317ED7B82A49467800006F7B /* Base */ = {isa = PBXFileReference; lastKnownFileType = file.storyboard; name = Base; path = Base.lproj/LaunchScreen.storyboard; sourceTree = "<group>"; };
		317ED7BA2A49467800006F7B /* Info.plist */ = {isa = PBXFileReference; lastKnownFileType = text.plist.xml; path = Info.plist; sourceTree = "<group>"; };
		317ED7C32A49521000006F7B /* Barriecito-Regular.ttf */ = {isa = PBXFileReference; lastKnownFileType = file; path = "Barriecito-Regular.ttf"; sourceTree = "<group>"; };
		317ED7C52A4954F700006F7B /* LoginViewController.swift */ = {isa = PBXFileReference; lastKnownFileType = sourcecode.swift; path = LoginViewController.swift; sourceTree = "<group>"; };
		317ED7D62A4976C400006F7B /* XCTest.framework */ = {isa = PBXFileReference; lastKnownFileType = wrapper.framework; name = XCTest.framework; path = Platforms/iPhoneOS.platform/Developer/Library/Frameworks/XCTest.framework; sourceTree = DEVELOPER_DIR; };
		317ED7D82A498DBE00006F7B /* Extensions.swift */ = {isa = PBXFileReference; lastKnownFileType = sourcecode.swift; path = Extensions.swift; sourceTree = "<group>"; };
		317ED7E12A49976200006F7B /* Pretendard-Medium.otf */ = {isa = PBXFileReference; lastKnownFileType = file; path = "Pretendard-Medium.otf"; sourceTree = "<group>"; };
		317ED7E22A49976200006F7B /* Pretendard-Regular.otf */ = {isa = PBXFileReference; lastKnownFileType = file; path = "Pretendard-Regular.otf"; sourceTree = "<group>"; };
		317ED7E32A49976200006F7B /* Pretendard-SemiBold.otf */ = {isa = PBXFileReference; lastKnownFileType = file; path = "Pretendard-SemiBold.otf"; sourceTree = "<group>"; };
		317ED7E72A499CFC00006F7B /* SignUpViewController.swift */ = {isa = PBXFileReference; lastKnownFileType = sourcecode.swift; path = SignUpViewController.swift; sourceTree = "<group>"; };
		317ED7E92A49CF1200006F7B /* StartViewModel.swift */ = {isa = PBXFileReference; lastKnownFileType = sourcecode.swift; path = StartViewModel.swift; sourceTree = "<group>"; };
		317ED7EB2A49D67B00006F7B /* SignUpViewModel.swift */ = {isa = PBXFileReference; lastKnownFileType = sourcecode.swift; path = SignUpViewModel.swift; sourceTree = "<group>"; };
		317ED7ED2A49D6FB00006F7B /* LoginViewModel.swift */ = {isa = PBXFileReference; lastKnownFileType = sourcecode.swift; path = LoginViewModel.swift; sourceTree = "<group>"; };
		317ED7EF2A4D69CF00006F7B /* Validator.swift */ = {isa = PBXFileReference; lastKnownFileType = sourcecode.swift; path = Validator.swift; sourceTree = "<group>"; };
		31C4B1ED2A54115000BABD62 /* Constants.swift */ = {isa = PBXFileReference; lastKnownFileType = sourcecode.swift; path = Constants.swift; sourceTree = "<group>"; };
		31C4B1F02A5551EF00BABD62 /* TabBarViewController.swift */ = {isa = PBXFileReference; lastKnownFileType = sourcecode.swift; path = TabBarViewController.swift; sourceTree = "<group>"; };
		31C4B1F22A55520000BABD62 /* TabBarViewModel.swift */ = {isa = PBXFileReference; lastKnownFileType = sourcecode.swift; path = TabBarViewModel.swift; sourceTree = "<group>"; };
		31C4B1F42A55520D00BABD62 /* TabBarModel.swift */ = {isa = PBXFileReference; lastKnownFileType = sourcecode.swift; path = TabBarModel.swift; sourceTree = "<group>"; };
		31C4B1F82A55526C00BABD62 /* CommunityViewController.swift */ = {isa = PBXFileReference; lastKnownFileType = sourcecode.swift; path = CommunityViewController.swift; sourceTree = "<group>"; };
		31C4B1FA2A55527D00BABD62 /* MapViewController.swift */ = {isa = PBXFileReference; lastKnownFileType = sourcecode.swift; path = MapViewController.swift; sourceTree = "<group>"; };
		31C4B1FC2A55529B00BABD62 /* MyPageViewController.swift */ = {isa = PBXFileReference; lastKnownFileType = sourcecode.swift; path = MyPageViewController.swift; sourceTree = "<group>"; };
		31C4B1FE2A55531800BABD62 /* CommunityViewModel.swift */ = {isa = PBXFileReference; lastKnownFileType = sourcecode.swift; path = CommunityViewModel.swift; sourceTree = "<group>"; };
		31C4B2002A55532300BABD62 /* CommunityModel.swift */ = {isa = PBXFileReference; lastKnownFileType = sourcecode.swift; path = CommunityModel.swift; sourceTree = "<group>"; };
		31C4B2022A55533500BABD62 /* MapViewModel.swift */ = {isa = PBXFileReference; lastKnownFileType = sourcecode.swift; path = MapViewModel.swift; sourceTree = "<group>"; };
		31C4B2042A55534200BABD62 /* MapModel.swift */ = {isa = PBXFileReference; lastKnownFileType = sourcecode.swift; path = MapModel.swift; sourceTree = "<group>"; };
		31C4B2062A55535800BABD62 /* MyPageViewModel.swift */ = {isa = PBXFileReference; lastKnownFileType = sourcecode.swift; path = MyPageViewModel.swift; sourceTree = "<group>"; };
		31C4B2082A55536200BABD62 /* MyPageModel.swift */ = {isa = PBXFileReference; lastKnownFileType = sourcecode.swift; path = MyPageModel.swift; sourceTree = "<group>"; };
		31C4B2112A56FC7000BABD62 /* TosViewController.swift */ = {isa = PBXFileReference; lastKnownFileType = sourcecode.swift; path = TosViewController.swift; sourceTree = "<group>"; };
		31C4B2142A56FCC700BABD62 /* TosViewModel.swift */ = {isa = PBXFileReference; lastKnownFileType = sourcecode.swift; path = TosViewModel.swift; sourceTree = "<group>"; };
		31C4B2182A57EB2F00BABD62 /* Pretendard-Bold.otf */ = {isa = PBXFileReference; lastKnownFileType = file; name = "Pretendard-Bold.otf"; path = "../../../../Downloads/Pretendard-1.3.7/public/static/Pretendard-Bold.otf"; sourceTree = "<group>"; };
		31C4B21A2A5AA69E00BABD62 /* NicknameViewController.swift */ = {isa = PBXFileReference; lastKnownFileType = sourcecode.swift; path = NicknameViewController.swift; sourceTree = "<group>"; };
		31C4B21C2A5AA6EB00BABD62 /* NicknameViewModel.swift */ = {isa = PBXFileReference; lastKnownFileType = sourcecode.swift; path = NicknameViewModel.swift; sourceTree = "<group>"; };
		31C4B21F2A5AC26200BABD62 /* SearchingViewController.swift */ = {isa = PBXFileReference; lastKnownFileType = sourcecode.swift; path = SearchingViewController.swift; sourceTree = "<group>"; };
		31C4B2212A5AC26F00BABD62 /* SearchingViewModel.swift */ = {isa = PBXFileReference; lastKnownFileType = sourcecode.swift; path = SearchingViewModel.swift; sourceTree = "<group>"; };
		31CF47262A5AF65400A83671 /* VeganViewController.swift */ = {isa = PBXFileReference; lastKnownFileType = sourcecode.swift; path = VeganViewController.swift; sourceTree = "<group>"; };
		31CF47282A5AF66100A83671 /* VeganViewModel.swift */ = {isa = PBXFileReference; lastKnownFileType = sourcecode.swift; path = VeganViewModel.swift; sourceTree = "<group>"; };
		31CF472A2A5AF67A00A83671 /* FlowTomato.json */ = {isa = PBXFileReference; lastKnownFileType = text.json; path = FlowTomato.json; sourceTree = "<group>"; };
		31CF472C2A5BEED300A83671 /* UserInfo.swift */ = {isa = PBXFileReference; lastKnownFileType = sourcecode.swift; path = UserInfo.swift; sourceTree = "<group>"; };
		EF2B71616B79C7EBBCECF87A /* Pods-ChaeSo.debug.xcconfig */ = {isa = PBXFileReference; includeInIndex = 1; lastKnownFileType = text.xcconfig; name = "Pods-ChaeSo.debug.xcconfig"; path = "Target Support Files/Pods-ChaeSo/Pods-ChaeSo.debug.xcconfig"; sourceTree = "<group>"; };
/* End PBXFileReference section */

/* Begin PBXFrameworksBuildPhase section */
		317ED7A62A49467700006F7B /* Frameworks */ = {
			isa = PBXFrameworksBuildPhase;
			buildActionMask = 2147483647;
			files = (
				317ED7CC2A49567900006F7B /* RxCocoa in Frameworks */,
				31CF47222A5AC6F000A83671 /* Lottie in Frameworks */,
				317ED7C22A4946A700006F7B /* SnapKit in Frameworks */,
				317ED7D02A49567900006F7B /* RxSwift in Frameworks */,
				31CF471F2A5AC5C400A83671 /* Alamofire in Frameworks */,
				317ED7CE2A49567900006F7B /* RxRelay in Frameworks */,
				9DD1241800024D2E325F256A /* Pods_ChaeSo.framework in Frameworks */,
			);
			runOnlyForDeploymentPostprocessing = 0;
		};
/* End PBXFrameworksBuildPhase section */

/* Begin PBXGroup section */
		317CDD832A5130EE00F9320B /* Model */ = {
			isa = PBXGroup;
			children = (
				317CDD812A50338100F9320B /* LocalizationManager.swift */,
				31CF472C2A5BEED300A83671 /* UserInfo.swift */,
				317ED7EF2A4D69CF00006F7B /* Validator.swift */,
			);
			path = Model;
			sourceTree = "<group>";
		};
		317ED7A02A49467700006F7B = {
			isa = PBXGroup;
			children = (
				317ED7AB2A49467700006F7B /* ChaeSo */,
				317ED7AA2A49467700006F7B /* Products */,
				317ED7D52A4976C400006F7B /* Frameworks */,
				7DD07D34F486E0D597426205 /* Pods */,
			);
			sourceTree = "<group>";
		};
		317ED7AA2A49467700006F7B /* Products */ = {
			isa = PBXGroup;
			children = (
				317ED7A92A49467700006F7B /* ChaeSo.app */,
			);
			name = Products;
			sourceTree = "<group>";
		};
		317ED7AB2A49467700006F7B /* ChaeSo */ = {
			isa = PBXGroup;
			children = (
				317ED7C72A49550100006F7B /* FontStyle */,
				317ED7AC2A49467700006F7B /* AppDelegate.swift */,
				317ED7AE2A49467700006F7B /* SceneDelegate.swift */,
				31C4B20A2A55586E00BABD62 /* StartPage */,
				31C4B20B2A55588700BABD62 /* LoginPage */,
				31C4B20C2A55589C00BABD62 /* SignUpPage */,
				31C4B2132A56FCAE00BABD62 /* TosPage */,
				31C4B21E2A5AC22D00BABD62 /* NicknamePage */,
				31CF472B2A5AF6AE00A83671 /* VeganPage */,
				31CF47252A5AF62000A83671 /* SearchingPage */,
				31C4B20D2A5558B000BABD62 /* TabBar */,
				31C4B20E2A5558E300BABD62 /* CommunityPage */,
				31C4B20F2A5558F500BABD62 /* MapPage */,
				31C4B2102A55590700BABD62 /* MyPage */,
				31C4B1EF2A54115500BABD62 /* Utility */,
				317CDD832A5130EE00F9320B /* Model */,
				317ED7B52A49467800006F7B /* Assets.xcassets */,
				317ED7B72A49467800006F7B /* LaunchScreen.storyboard */,
				317ED7BA2A49467800006F7B /* Info.plist */,
				317CDD7F2A4FF6E700F9320B /* Localizable.strings */,
			);
			path = ChaeSo;
			sourceTree = "<group>";
		};
		317ED7C72A49550100006F7B /* FontStyle */ = {
			isa = PBXGroup;
			children = (
				31C4B2182A57EB2F00BABD62 /* Pretendard-Bold.otf */,
				317ED7E12A49976200006F7B /* Pretendard-Medium.otf */,
				317ED7E22A49976200006F7B /* Pretendard-Regular.otf */,
				317ED7E32A49976200006F7B /* Pretendard-SemiBold.otf */,
				317ED7C32A49521000006F7B /* Barriecito-Regular.ttf */,
			);
			path = FontStyle;
			sourceTree = "<group>";
		};
		317ED7D52A4976C400006F7B /* Frameworks */ = {
			isa = PBXGroup;
			children = (
				317ED7D62A4976C400006F7B /* XCTest.framework */,
				260699AF00107AD9D89F2B95 /* Pods_ChaeSo.framework */,
			);
			name = Frameworks;
			sourceTree = "<group>";
		};
		31C4B1EF2A54115500BABD62 /* Utility */ = {
			isa = PBXGroup;
			children = (
				31C4B1ED2A54115000BABD62 /* Constants.swift */,
				317ED7D82A498DBE00006F7B /* Extensions.swift */,
			);
			path = Utility;
			sourceTree = "<group>";
		};
		31C4B20A2A55586E00BABD62 /* StartPage */ = {
			isa = PBXGroup;
			children = (
				317ED7B02A49467700006F7B /* StartViewController.swift */,
				317ED7E92A49CF1200006F7B /* StartViewModel.swift */,
			);
			path = StartPage;
			sourceTree = "<group>";
		};
		31C4B20B2A55588700BABD62 /* LoginPage */ = {
			isa = PBXGroup;
			children = (
				317ED7C52A4954F700006F7B /* LoginViewController.swift */,
				317ED7ED2A49D6FB00006F7B /* LoginViewModel.swift */,
			);
			path = LoginPage;
			sourceTree = "<group>";
		};
		31C4B20C2A55589C00BABD62 /* SignUpPage */ = {
			isa = PBXGroup;
			children = (
				317ED7E72A499CFC00006F7B /* SignUpViewController.swift */,
				317ED7EB2A49D67B00006F7B /* SignUpViewModel.swift */,
			);
			path = SignUpPage;
			sourceTree = "<group>";
		};
		31C4B20D2A5558B000BABD62 /* TabBar */ = {
			isa = PBXGroup;
			children = (
				31C4B1F02A5551EF00BABD62 /* TabBarViewController.swift */,
				31C4B1F22A55520000BABD62 /* TabBarViewModel.swift */,
				31C4B1F42A55520D00BABD62 /* TabBarModel.swift */,
			);
			path = TabBar;
			sourceTree = "<group>";
		};
		31C4B20E2A5558E300BABD62 /* CommunityPage */ = {
			isa = PBXGroup;
			children = (
				31C4B1F82A55526C00BABD62 /* CommunityViewController.swift */,
				31C4B1FE2A55531800BABD62 /* CommunityViewModel.swift */,
				31C4B2002A55532300BABD62 /* CommunityModel.swift */,
			);
			path = CommunityPage;
			sourceTree = "<group>";
		};
		31C4B20F2A5558F500BABD62 /* MapPage */ = {
			isa = PBXGroup;
			children = (
				31C4B1FA2A55527D00BABD62 /* MapViewController.swift */,
				31C4B2022A55533500BABD62 /* MapViewModel.swift */,
				31C4B2042A55534200BABD62 /* MapModel.swift */,
			);
			path = MapPage;
			sourceTree = "<group>";
		};
		31C4B2102A55590700BABD62 /* MyPage */ = {
			isa = PBXGroup;
			children = (
				31C4B1FC2A55529B00BABD62 /* MyPageViewController.swift */,
				31C4B2062A55535800BABD62 /* MyPageViewModel.swift */,
				31C4B2082A55536200BABD62 /* MyPageModel.swift */,
			);
			path = MyPage;
			sourceTree = "<group>";
		};
		31C4B2132A56FCAE00BABD62 /* TosPage */ = {
			isa = PBXGroup;
			children = (
				31C4B2112A56FC7000BABD62 /* TosViewController.swift */,
				31C4B2142A56FCC700BABD62 /* TosViewModel.swift */,
			);
			path = TosPage;
			sourceTree = "<group>";
		};
		31C4B21E2A5AC22D00BABD62 /* NicknamePage */ = {
			isa = PBXGroup;
			children = (
				31C4B21A2A5AA69E00BABD62 /* NicknameViewController.swift */,
				31C4B21C2A5AA6EB00BABD62 /* NicknameViewModel.swift */,
			);
			path = NicknamePage;
			sourceTree = "<group>";
		};
		31CF47252A5AF62000A83671 /* SearchingPage */ = {
			isa = PBXGroup;
			children = (
				31C4B21F2A5AC26200BABD62 /* SearchingViewController.swift */,
				31C4B2212A5AC26F00BABD62 /* SearchingViewModel.swift */,
				31CF472A2A5AF67A00A83671 /* FlowTomato.json */,
			);
			path = SearchingPage;
			sourceTree = "<group>";
		};
		31CF472B2A5AF6AE00A83671 /* VeganPage */ = {
			isa = PBXGroup;
			children = (
				31CF47262A5AF65400A83671 /* VeganViewController.swift */,
				31CF47282A5AF66100A83671 /* VeganViewModel.swift */,
			);
			path = VeganPage;
			sourceTree = "<group>";
		};
		7DD07D34F486E0D597426205 /* Pods */ = {
			isa = PBXGroup;
			children = (
				EF2B71616B79C7EBBCECF87A /* Pods-ChaeSo.debug.xcconfig */,
				2AF2B425CBDE89AC53475E8C /* Pods-ChaeSo.release.xcconfig */,
			);
			path = Pods;
			sourceTree = "<group>";
		};
/* End PBXGroup section */

/* Begin PBXNativeTarget section */
		317ED7A82A49467700006F7B /* ChaeSo */ = {
			isa = PBXNativeTarget;
			buildConfigurationList = 317ED7BD2A49467800006F7B /* Build configuration list for PBXNativeTarget "ChaeSo" */;
			buildPhases = (
				53A58AC57A6131B67390AA89 /* [CP] Check Pods Manifest.lock */,
				317ED7A52A49467700006F7B /* Sources */,
				317ED7A62A49467700006F7B /* Frameworks */,
				317ED7A72A49467700006F7B /* Resources */,
				BE1DBF4FD471699385D4402C /* [CP] Embed Pods Frameworks */,
			);
			buildRules = (
			);
			dependencies = (
			);
			name = ChaeSo;
			packageProductDependencies = (
				317ED7C12A4946A700006F7B /* SnapKit */,
				317ED7CB2A49567900006F7B /* RxCocoa */,
				317ED7CD2A49567900006F7B /* RxRelay */,
				317ED7CF2A49567900006F7B /* RxSwift */,
				31CF471E2A5AC5C400A83671 /* Alamofire */,
				31CF47212A5AC6F000A83671 /* Lottie */,
			);
			productName = ChaeSo;
			productReference = 317ED7A92A49467700006F7B /* ChaeSo.app */;
			productType = "com.apple.product-type.application";
		};
/* End PBXNativeTarget section */

/* Begin PBXProject section */
		317ED7A12A49467700006F7B /* Project object */ = {
			isa = PBXProject;
			attributes = {
				BuildIndependentTargetsInParallel = 1;
				LastSwiftUpdateCheck = 1400;
				LastUpgradeCheck = 1400;
				TargetAttributes = {
					317ED7A82A49467700006F7B = {
						CreatedOnToolsVersion = 14.0.1;
					};
				};
			};
			buildConfigurationList = 317ED7A42A49467700006F7B /* Build configuration list for PBXProject "ChaeSo" */;
			compatibilityVersion = "Xcode 14.0";
			developmentRegion = en;
			hasScannedForEncodings = 0;
			knownRegions = (
				en,
				Base,
				ko,
			);
			mainGroup = 317ED7A02A49467700006F7B;
			packageReferences = (
				317ED7C02A4946A700006F7B /* XCRemoteSwiftPackageReference "SnapKit" */,
				317ED7C82A49567900006F7B /* XCRemoteSwiftPackageReference "RxSwift" */,
				31CF471D2A5AC5C400A83671 /* XCRemoteSwiftPackageReference "Alamofire" */,
				31CF47202A5AC6F000A83671 /* XCRemoteSwiftPackageReference "lottie-spm" */,
			);
			productRefGroup = 317ED7AA2A49467700006F7B /* Products */;
			projectDirPath = "";
			projectRoot = "";
			targets = (
				317ED7A82A49467700006F7B /* ChaeSo */,
			);
		};
/* End PBXProject section */

/* Begin PBXResourcesBuildPhase section */
		317ED7A72A49467700006F7B /* Resources */ = {
			isa = PBXResourcesBuildPhase;
			buildActionMask = 2147483647;
			files = (
				317ED7C42A49521000006F7B /* Barriecito-Regular.ttf in Resources */,
				31C4B2192A57EB2F00BABD62 /* Pretendard-Bold.otf in Resources */,
				317ED7B92A49467800006F7B /* LaunchScreen.storyboard in Resources */,
				317ED7E52A49976200006F7B /* Pretendard-Regular.otf in Resources */,
				317CDD7D2A4FF6E700F9320B /* Localizable.strings in Resources */,
				317ED7E62A49976200006F7B /* Pretendard-SemiBold.otf in Resources */,
				317ED7B62A49467800006F7B /* Assets.xcassets in Resources */,
				317ED7E42A49976200006F7B /* Pretendard-Medium.otf in Resources */,
			);
			runOnlyForDeploymentPostprocessing = 0;
		};
/* End PBXResourcesBuildPhase section */

/* Begin PBXShellScriptBuildPhase section */
		53A58AC57A6131B67390AA89 /* [CP] Check Pods Manifest.lock */ = {
			isa = PBXShellScriptBuildPhase;
			buildActionMask = 2147483647;
			files = (
			);
			inputFileListPaths = (
			);
			inputPaths = (
				"${PODS_PODFILE_DIR_PATH}/Podfile.lock",
				"${PODS_ROOT}/Manifest.lock",
			);
			name = "[CP] Check Pods Manifest.lock";
			outputFileListPaths = (
			);
			outputPaths = (
				"$(DERIVED_FILE_DIR)/Pods-ChaeSo-checkManifestLockResult.txt",
			);
			runOnlyForDeploymentPostprocessing = 0;
			shellPath = /bin/sh;
			shellScript = "diff \"${PODS_PODFILE_DIR_PATH}/Podfile.lock\" \"${PODS_ROOT}/Manifest.lock\" > /dev/null\nif [ $? != 0 ] ; then\n    # print error to STDERR\n    echo \"error: The sandbox is not in sync with the Podfile.lock. Run 'pod install' or update your CocoaPods installation.\" >&2\n    exit 1\nfi\n# This output is used by Xcode 'outputs' to avoid re-running this script phase.\necho \"SUCCESS\" > \"${SCRIPT_OUTPUT_FILE_0}\"\n";
			showEnvVarsInLog = 0;
		};
		BE1DBF4FD471699385D4402C /* [CP] Embed Pods Frameworks */ = {
			isa = PBXShellScriptBuildPhase;
			buildActionMask = 2147483647;
			files = (
			);
			inputFileListPaths = (
				"${PODS_ROOT}/Target Support Files/Pods-ChaeSo/Pods-ChaeSo-frameworks-${CONFIGURATION}-input-files.xcfilelist",
			);
			name = "[CP] Embed Pods Frameworks";
			outputFileListPaths = (
				"${PODS_ROOT}/Target Support Files/Pods-ChaeSo/Pods-ChaeSo-frameworks-${CONFIGURATION}-output-files.xcfilelist",
			);
			runOnlyForDeploymentPostprocessing = 0;
			shellPath = /bin/sh;
			shellScript = "\"${PODS_ROOT}/Target Support Files/Pods-ChaeSo/Pods-ChaeSo-frameworks.sh\"\n";
			showEnvVarsInLog = 0;
		};
/* End PBXShellScriptBuildPhase section */

/* Begin PBXSourcesBuildPhase section */
		317ED7A52A49467700006F7B /* Sources */ = {
			isa = PBXSourcesBuildPhase;
			buildActionMask = 2147483647;
			files = (
				317ED7D92A498DBE00006F7B /* Extensions.swift in Sources */,
				31C4B2122A56FC7000BABD62 /* TosViewController.swift in Sources */,
				31C4B1FD2A55529B00BABD62 /* MyPageViewController.swift in Sources */,
				317ED7B12A49467700006F7B /* StartViewController.swift in Sources */,
				317ED7F02A4D69CF00006F7B /* Validator.swift in Sources */,
				317ED7EC2A49D67B00006F7B /* SignUpViewModel.swift in Sources */,
				317ED7E82A499CFC00006F7B /* SignUpViewController.swift in Sources */,
				31C4B2052A55534200BABD62 /* MapModel.swift in Sources */,
				317ED7AD2A49467700006F7B /* AppDelegate.swift in Sources */,
				31C4B2202A5AC26200BABD62 /* SearchingViewController.swift in Sources */,
				31C4B2092A55536200BABD62 /* MyPageModel.swift in Sources */,
				31C4B2072A55535800BABD62 /* MyPageViewModel.swift in Sources */,
				31CF47292A5AF66100A83671 /* VeganViewModel.swift in Sources */,
				317ED7C62A4954F700006F7B /* LoginViewController.swift in Sources */,
				317CDD822A50338100F9320B /* LocalizationManager.swift in Sources */,
				317ED7AF2A49467700006F7B /* SceneDelegate.swift in Sources */,
				31C4B1F52A55520D00BABD62 /* TabBarModel.swift in Sources */,
				31CF47272A5AF65400A83671 /* VeganViewController.swift in Sources */,
				31C4B2032A55533500BABD62 /* MapViewModel.swift in Sources */,
				31C4B1FF2A55531800BABD62 /* CommunityViewModel.swift in Sources */,
				317ED7EA2A49CF1200006F7B /* StartViewModel.swift in Sources */,
				31C4B2222A5AC26F00BABD62 /* SearchingViewModel.swift in Sources */,
				31C4B1F12A5551EF00BABD62 /* TabBarViewController.swift in Sources */,
				31C4B1F92A55526C00BABD62 /* CommunityViewController.swift in Sources */,
				317ED7EE2A49D6FB00006F7B /* LoginViewModel.swift in Sources */,
				31C4B1F32A55520000BABD62 /* TabBarViewModel.swift in Sources */,
				31C4B2012A55532300BABD62 /* CommunityModel.swift in Sources */,
				31C4B2152A56FCC700BABD62 /* TosViewModel.swift in Sources */,
				31C4B21D2A5AA6EB00BABD62 /* NicknameViewModel.swift in Sources */,
				31C4B1EE2A54115000BABD62 /* Constants.swift in Sources */,
				31C4B21B2A5AA69E00BABD62 /* NicknameViewController.swift in Sources */,
				31C4B1FB2A55527D00BABD62 /* MapViewController.swift in Sources */,
				31CF472D2A5BEED300A83671 /* UserInfo.swift in Sources */,
			);
			runOnlyForDeploymentPostprocessing = 0;
		};
/* End PBXSourcesBuildPhase section */

/* Begin PBXVariantGroup section */
		317CDD7F2A4FF6E700F9320B /* Localizable.strings */ = {
			isa = PBXVariantGroup;
			children = (
				317CDD7E2A4FF6E700F9320B /* en */,
				317CDD802A4FF6F100F9320B /* ko */,
			);
			name = Localizable.strings;
			sourceTree = "<group>";
		};
		317ED7B72A49467800006F7B /* LaunchScreen.storyboard */ = {
			isa = PBXVariantGroup;
			children = (
				317ED7B82A49467800006F7B /* Base */,
				317CDD7C2A4FF6C400F9320B /* ko */,
			);
			name = LaunchScreen.storyboard;
			sourceTree = "<group>";
		};
/* End PBXVariantGroup section */

/* Begin XCBuildConfiguration section */
		317ED7BB2A49467800006F7B /* Debug */ = {
			isa = XCBuildConfiguration;
			buildSettings = {
				ALWAYS_SEARCH_USER_PATHS = NO;
				CLANG_ANALYZER_LOCALIZABILITY_NONLOCALIZED = YES;
				CLANG_ANALYZER_NONNULL = YES;
				CLANG_ANALYZER_NUMBER_OBJECT_CONVERSION = YES_AGGRESSIVE;
				CLANG_CXX_LANGUAGE_STANDARD = "gnu++20";
				CLANG_ENABLE_MODULES = YES;
				CLANG_ENABLE_OBJC_ARC = YES;
				CLANG_ENABLE_OBJC_WEAK = YES;
				CLANG_WARN_BLOCK_CAPTURE_AUTORELEASING = YES;
				CLANG_WARN_BOOL_CONVERSION = YES;
				CLANG_WARN_COMMA = YES;
				CLANG_WARN_CONSTANT_CONVERSION = YES;
				CLANG_WARN_DEPRECATED_OBJC_IMPLEMENTATIONS = YES;
				CLANG_WARN_DIRECT_OBJC_ISA_USAGE = YES_ERROR;
				CLANG_WARN_DOCUMENTATION_COMMENTS = YES;
				CLANG_WARN_EMPTY_BODY = YES;
				CLANG_WARN_ENUM_CONVERSION = YES;
				CLANG_WARN_INFINITE_RECURSION = YES;
				CLANG_WARN_INT_CONVERSION = YES;
				CLANG_WARN_NON_LITERAL_NULL_CONVERSION = YES;
				CLANG_WARN_OBJC_IMPLICIT_RETAIN_SELF = YES;
				CLANG_WARN_OBJC_LITERAL_CONVERSION = YES;
				CLANG_WARN_OBJC_ROOT_CLASS = YES_ERROR;
				CLANG_WARN_QUOTED_INCLUDE_IN_FRAMEWORK_HEADER = YES;
				CLANG_WARN_RANGE_LOOP_ANALYSIS = YES;
				CLANG_WARN_STRICT_PROTOTYPES = YES;
				CLANG_WARN_SUSPICIOUS_MOVE = YES;
				CLANG_WARN_UNGUARDED_AVAILABILITY = YES_AGGRESSIVE;
				CLANG_WARN_UNREACHABLE_CODE = YES;
				CLANG_WARN__DUPLICATE_METHOD_MATCH = YES;
				COPY_PHASE_STRIP = NO;
				DEBUG_INFORMATION_FORMAT = dwarf;
				ENABLE_STRICT_OBJC_MSGSEND = YES;
				ENABLE_TESTABILITY = YES;
				GCC_C_LANGUAGE_STANDARD = gnu11;
				GCC_DYNAMIC_NO_PIC = NO;
				GCC_NO_COMMON_BLOCKS = YES;
				GCC_OPTIMIZATION_LEVEL = 0;
				GCC_PREPROCESSOR_DEFINITIONS = (
					"DEBUG=1",
					"$(inherited)",
				);
				GCC_WARN_64_TO_32_BIT_CONVERSION = YES;
				GCC_WARN_ABOUT_RETURN_TYPE = YES_ERROR;
				GCC_WARN_UNDECLARED_SELECTOR = YES;
				GCC_WARN_UNINITIALIZED_AUTOS = YES_AGGRESSIVE;
				GCC_WARN_UNUSED_FUNCTION = YES;
				GCC_WARN_UNUSED_VARIABLE = YES;
				IPHONEOS_DEPLOYMENT_TARGET = 16.0;
				MTL_ENABLE_DEBUG_INFO = INCLUDE_SOURCE;
				MTL_FAST_MATH = YES;
				ONLY_ACTIVE_ARCH = YES;
				SDKROOT = iphoneos;
				SWIFT_ACTIVE_COMPILATION_CONDITIONS = DEBUG;
				SWIFT_OPTIMIZATION_LEVEL = "-Onone";
			};
			name = Debug;
		};
		317ED7BC2A49467800006F7B /* Release */ = {
			isa = XCBuildConfiguration;
			buildSettings = {
				ALWAYS_SEARCH_USER_PATHS = NO;
				CLANG_ANALYZER_LOCALIZABILITY_NONLOCALIZED = YES;
				CLANG_ANALYZER_NONNULL = YES;
				CLANG_ANALYZER_NUMBER_OBJECT_CONVERSION = YES_AGGRESSIVE;
				CLANG_CXX_LANGUAGE_STANDARD = "gnu++20";
				CLANG_ENABLE_MODULES = YES;
				CLANG_ENABLE_OBJC_ARC = YES;
				CLANG_ENABLE_OBJC_WEAK = YES;
				CLANG_WARN_BLOCK_CAPTURE_AUTORELEASING = YES;
				CLANG_WARN_BOOL_CONVERSION = YES;
				CLANG_WARN_COMMA = YES;
				CLANG_WARN_CONSTANT_CONVERSION = YES;
				CLANG_WARN_DEPRECATED_OBJC_IMPLEMENTATIONS = YES;
				CLANG_WARN_DIRECT_OBJC_ISA_USAGE = YES_ERROR;
				CLANG_WARN_DOCUMENTATION_COMMENTS = YES;
				CLANG_WARN_EMPTY_BODY = YES;
				CLANG_WARN_ENUM_CONVERSION = YES;
				CLANG_WARN_INFINITE_RECURSION = YES;
				CLANG_WARN_INT_CONVERSION = YES;
				CLANG_WARN_NON_LITERAL_NULL_CONVERSION = YES;
				CLANG_WARN_OBJC_IMPLICIT_RETAIN_SELF = YES;
				CLANG_WARN_OBJC_LITERAL_CONVERSION = YES;
				CLANG_WARN_OBJC_ROOT_CLASS = YES_ERROR;
				CLANG_WARN_QUOTED_INCLUDE_IN_FRAMEWORK_HEADER = YES;
				CLANG_WARN_RANGE_LOOP_ANALYSIS = YES;
				CLANG_WARN_STRICT_PROTOTYPES = YES;
				CLANG_WARN_SUSPICIOUS_MOVE = YES;
				CLANG_WARN_UNGUARDED_AVAILABILITY = YES_AGGRESSIVE;
				CLANG_WARN_UNREACHABLE_CODE = YES;
				CLANG_WARN__DUPLICATE_METHOD_MATCH = YES;
				COPY_PHASE_STRIP = NO;
				DEBUG_INFORMATION_FORMAT = "dwarf-with-dsym";
				ENABLE_NS_ASSERTIONS = NO;
				ENABLE_STRICT_OBJC_MSGSEND = YES;
				GCC_C_LANGUAGE_STANDARD = gnu11;
				GCC_NO_COMMON_BLOCKS = YES;
				GCC_WARN_64_TO_32_BIT_CONVERSION = YES;
				GCC_WARN_ABOUT_RETURN_TYPE = YES_ERROR;
				GCC_WARN_UNDECLARED_SELECTOR = YES;
				GCC_WARN_UNINITIALIZED_AUTOS = YES_AGGRESSIVE;
				GCC_WARN_UNUSED_FUNCTION = YES;
				GCC_WARN_UNUSED_VARIABLE = YES;
				IPHONEOS_DEPLOYMENT_TARGET = 16.0;
				MTL_ENABLE_DEBUG_INFO = NO;
				MTL_FAST_MATH = YES;
				SDKROOT = iphoneos;
				SWIFT_COMPILATION_MODE = wholemodule;
				SWIFT_OPTIMIZATION_LEVEL = "-O";
				VALIDATE_PRODUCT = YES;
			};
			name = Release;
		};
		317ED7BE2A49467800006F7B /* Debug */ = {
			isa = XCBuildConfiguration;
			baseConfigurationReference = EF2B71616B79C7EBBCECF87A /* Pods-ChaeSo.debug.xcconfig */;
			buildSettings = {
				ASSETCATALOG_COMPILER_APPICON_NAME = AppIcon;
				ASSETCATALOG_COMPILER_GLOBAL_ACCENT_COLOR_NAME = AccentColor;
				CODE_SIGN_STYLE = Automatic;
				CURRENT_PROJECT_VERSION = 1;
				DEVELOPMENT_TEAM = 9A5MT7L34S;
				GENERATE_INFOPLIST_FILE = YES;
				INFOPLIST_FILE = ChaeSo/Info.plist;
				INFOPLIST_KEY_UIApplicationSupportsIndirectInputEvents = YES;
				INFOPLIST_KEY_UILaunchStoryboardName = LaunchScreen;
				INFOPLIST_KEY_UISupportedInterfaceOrientations_iPad = "UIInterfaceOrientationPortrait UIInterfaceOrientationPortraitUpsideDown UIInterfaceOrientationLandscapeLeft UIInterfaceOrientationLandscapeRight";
				INFOPLIST_KEY_UISupportedInterfaceOrientations_iPhone = "UIInterfaceOrientationPortrait UIInterfaceOrientationLandscapeLeft UIInterfaceOrientationLandscapeRight";
				LD_RUNPATH_SEARCH_PATHS = (
					"$(inherited)",
					"@executable_path/Frameworks",
				);
				MARKETING_VERSION = 1.0;
				PRODUCT_BUNDLE_IDENTIFIER = jungsun.ChaeSo;
				PRODUCT_NAME = "$(TARGET_NAME)";
				SWIFT_EMIT_LOC_STRINGS = YES;
				SWIFT_VERSION = 5.0;
				TARGETED_DEVICE_FAMILY = "1,2";
			};
			name = Debug;
		};
		317ED7BF2A49467800006F7B /* Release */ = {
			isa = XCBuildConfiguration;
			baseConfigurationReference = 2AF2B425CBDE89AC53475E8C /* Pods-ChaeSo.release.xcconfig */;
			buildSettings = {
				ASSETCATALOG_COMPILER_APPICON_NAME = AppIcon;
				ASSETCATALOG_COMPILER_GLOBAL_ACCENT_COLOR_NAME = AccentColor;
				CODE_SIGN_STYLE = Automatic;
				CURRENT_PROJECT_VERSION = 1;
				DEVELOPMENT_TEAM = 9A5MT7L34S;
				GENERATE_INFOPLIST_FILE = YES;
				INFOPLIST_FILE = ChaeSo/Info.plist;
				INFOPLIST_KEY_UIApplicationSupportsIndirectInputEvents = YES;
				INFOPLIST_KEY_UILaunchStoryboardName = LaunchScreen;
				INFOPLIST_KEY_UISupportedInterfaceOrientations_iPad = "UIInterfaceOrientationPortrait UIInterfaceOrientationPortraitUpsideDown UIInterfaceOrientationLandscapeLeft UIInterfaceOrientationLandscapeRight";
				INFOPLIST_KEY_UISupportedInterfaceOrientations_iPhone = "UIInterfaceOrientationPortrait UIInterfaceOrientationLandscapeLeft UIInterfaceOrientationLandscapeRight";
				LD_RUNPATH_SEARCH_PATHS = (
					"$(inherited)",
					"@executable_path/Frameworks",
				);
				MARKETING_VERSION = 1.0;
				PRODUCT_BUNDLE_IDENTIFIER = jungsun.ChaeSo;
				PRODUCT_NAME = "$(TARGET_NAME)";
				SWIFT_EMIT_LOC_STRINGS = YES;
				SWIFT_VERSION = 5.0;
				TARGETED_DEVICE_FAMILY = "1,2";
			};
			name = Release;
		};
/* End XCBuildConfiguration section */

/* Begin XCConfigurationList section */
		317ED7A42A49467700006F7B /* Build configuration list for PBXProject "ChaeSo" */ = {
			isa = XCConfigurationList;
			buildConfigurations = (
				317ED7BB2A49467800006F7B /* Debug */,
				317ED7BC2A49467800006F7B /* Release */,
			);
			defaultConfigurationIsVisible = 0;
			defaultConfigurationName = Release;
		};
		317ED7BD2A49467800006F7B /* Build configuration list for PBXNativeTarget "ChaeSo" */ = {
			isa = XCConfigurationList;
			buildConfigurations = (
				317ED7BE2A49467800006F7B /* Debug */,
				317ED7BF2A49467800006F7B /* Release */,
			);
			defaultConfigurationIsVisible = 0;
			defaultConfigurationName = Release;
		};
/* End XCConfigurationList section */

/* Begin XCRemoteSwiftPackageReference section */
		317ED7C02A4946A700006F7B /* XCRemoteSwiftPackageReference "SnapKit" */ = {
			isa = XCRemoteSwiftPackageReference;
			repositoryURL = "https://github.com/SnapKit/SnapKit.git";
			requirement = {
				kind = upToNextMajorVersion;
				minimumVersion = 5.0.1;
			};
		};
		317ED7C82A49567900006F7B /* XCRemoteSwiftPackageReference "RxSwift" */ = {
			isa = XCRemoteSwiftPackageReference;
			repositoryURL = "https://github.com/ReactiveX/RxSwift.git";
			requirement = {
				kind = upToNextMajorVersion;
				minimumVersion = 6.6.0;
			};
		};
		31CF471D2A5AC5C400A83671 /* XCRemoteSwiftPackageReference "Alamofire" */ = {
			isa = XCRemoteSwiftPackageReference;
			repositoryURL = "https://github.com/Alamofire/Alamofire.git";
			requirement = {
				kind = upToNextMajorVersion;
				minimumVersion = 5.6.4;
			};
		};
		31CF47202A5AC6F000A83671 /* XCRemoteSwiftPackageReference "lottie-spm" */ = {
			isa = XCRemoteSwiftPackageReference;
			repositoryURL = "https://github.com/airbnb/lottie-spm.git";
			requirement = {
				kind = upToNextMajorVersion;
				minimumVersion = 4.2.0;
			};
		};
/* End XCRemoteSwiftPackageReference section */

/* Begin XCSwiftPackageProductDependency section */
		317ED7C12A4946A700006F7B /* SnapKit */ = {
			isa = XCSwiftPackageProductDependency;
			package = 317ED7C02A4946A700006F7B /* XCRemoteSwiftPackageReference "SnapKit" */;
			productName = SnapKit;
		};
		317ED7CB2A49567900006F7B /* RxCocoa */ = {
			isa = XCSwiftPackageProductDependency;
			package = 317ED7C82A49567900006F7B /* XCRemoteSwiftPackageReference "RxSwift" */;
			productName = RxCocoa;
		};
		317ED7CD2A49567900006F7B /* RxRelay */ = {
			isa = XCSwiftPackageProductDependency;
			package = 317ED7C82A49567900006F7B /* XCRemoteSwiftPackageReference "RxSwift" */;
			productName = RxRelay;
		};
		317ED7CF2A49567900006F7B /* RxSwift */ = {
			isa = XCSwiftPackageProductDependency;
			package = 317ED7C82A49567900006F7B /* XCRemoteSwiftPackageReference "RxSwift" */;
			productName = RxSwift;
		};
		31CF471E2A5AC5C400A83671 /* Alamofire */ = {
			isa = XCSwiftPackageProductDependency;
			package = 31CF471D2A5AC5C400A83671 /* XCRemoteSwiftPackageReference "Alamofire" */;
			productName = Alamofire;
		};
		31CF47212A5AC6F000A83671 /* Lottie */ = {
			isa = XCSwiftPackageProductDependency;
			package = 31CF47202A5AC6F000A83671 /* XCRemoteSwiftPackageReference "lottie-spm" */;
			productName = Lottie;
		};
/* End XCSwiftPackageProductDependency section */
	};
	rootObject = 317ED7A12A49467700006F7B /* Project object */;
}
